
Microsoft Visual Studio Solution File, Format Version 12.00
Project("{2150E333-8FDC-42A3-9474-1A3956D46DE8}") = "src", "src", "{24007BE7-AE6D-46D3-B37A-522FE3EF0D9C}"
EndProject
Project("{2150E333-8FDC-42A3-9474-1A3956D46DE8}") = "tests", "tests", "{F392701E-51BD-4568-8747-EEB6210D34B1}"
EndProject
Project("{2150E333-8FDC-42A3-9474-1A3956D46DE8}") = "core", "core", "{128A9F3B-4D1A-4A93-A0EC-2426770786AC}"
EndProject
Project("{2150E333-8FDC-42A3-9474-1A3956D46DE8}") = "services", "services", "{3718B2D4-51F6-40AC-8360-6635988D47DE}"
EndProject
Project("{2150E333-8FDC-42A3-9474-1A3956D46DE8}") = "aphrodite", "aphrodite", "{CEC7CE2F-45F1-4BBB-B1D0-E7BCAFEADB7D}"
	ProjectSection(SolutionItems) = preProject
		src\services\aphrodite\Dockerfile = src\services\aphrodite\Dockerfile
	EndProjectSection
EndProject
Project("{2150E333-8FDC-42A3-9474-1A3956D46DE8}") = "plutus", "plutus", "{64F2EE35-47B2-45E2-8ADE-D989156D68DE}"
	ProjectSection(SolutionItems) = preProject
		src\services\plutus\Dockerfile = src\services\plutus\Dockerfile
	EndProjectSection
EndProject
Project("{FAE04EC0-301F-11D3-BF4B-00C04F79EFBC}") = "Ouranos.Pantheon.Service.Aphrodite.API", "src\services\aphrodite\Ouranos.Pantheon.Service.Aphrodite.API\Ouranos.Pantheon.Service.Aphrodite.API.csproj", "{DF3245BD-7D2E-4972-846E-473AE4046FB6}"
EndProject
Project("{FAE04EC0-301F-11D3-BF4B-00C04F79EFBC}") = "Ouranos.Pantheon.Service.Aphrodite.Application", "src\services\aphrodite\Ouranos.Pantheon.Service.Aphrodite.Application\Ouranos.Pantheon.Service.Aphrodite.Application.csproj", "{FA83243E-89E1-43BC-AA6C-6BAE88F847F7}"
EndProject
Project("{FAE04EC0-301F-11D3-BF4B-00C04F79EFBC}") = "Ouranos.Pantheon.Service.Aphrodite.Domain", "src\services\aphrodite\Ouranos.Pantheon.Service.Aphrodite.Domain\Ouranos.Pantheon.Service.Aphrodite.Domain.csproj", "{96B239B6-E37A-497B-81A8-70156DD0C5FB}"
EndProject
Project("{FAE04EC0-301F-11D3-BF4B-00C04F79EFBC}") = "Ouranos.Pantheon.Service.Aphrodite.Infra.Mongo", "src\services\aphrodite\Ouranos.Pantheon.Service.Aphrodite.Infra.Mongo\Ouranos.Pantheon.Service.Aphrodite.Infra.Mongo.csproj", "{C8979767-A2B2-4C29-B95F-58C94FD7E328}"
EndProject
Project("{FAE04EC0-301F-11D3-BF4B-00C04F79EFBC}") = "Ouranos.Pantheon.Service.Aphrodite.Infra.OuranosMl", "src\services\aphrodite\Ouranos.Pantheon.Service.Aphrodite.Infra.OuranosMl\Ouranos.Pantheon.Service.Aphrodite.Infra.OuranosMl.csproj", "{F063E7F9-5853-4E42-853E-8C3E9C9A7CC5}"
EndProject
Project("{FAE04EC0-301F-11D3-BF4B-00C04F79EFBC}") = "Ouranos.Pantheon.Service.Plutus.API", "src\services\plutus\Ouranos.Pantheon.Service.Plutus.API\Ouranos.Pantheon.Service.Plutus.API.csproj", "{7259D26F-9BF6-423E-ACB2-0383CD130E6E}"
EndProject
Project("{FAE04EC0-301F-11D3-BF4B-00C04F79EFBC}") = "Ouranos.Pantheon.Service.Plutus.Application", "src\services\plutus\Ouranos.Pantheon.Service.Plutus.Application\Ouranos.Pantheon.Service.Plutus.Application.csproj", "{D815CA66-CFEB-40B9-A74D-0525A4FFEB6B}"
EndProject
Project("{FAE04EC0-301F-11D3-BF4B-00C04F79EFBC}") = "Ouranos.Pantheon.Service.Plutus.Domain", "src\services\plutus\Ouranos.Pantheon.Service.Plutus.Domain\Ouranos.Pantheon.Service.Plutus.Domain.csproj", "{334A2086-7DAE-4F17-B625-AFB4F461CC3B}"
EndProject
Project("{FAE04EC0-301F-11D3-BF4B-00C04F79EFBC}") = "Ouranos.Pantheon.Service.Plutus.Infra.Mongo", "src\services\plutus\Ouranos.Pantheon.Service.Plutus.Infra.Mongo\Ouranos.Pantheon.Service.Plutus.Infra.Mongo.csproj", "{E99980D6-17D0-4618-BF7A-4120E52CBAA4}"
EndProject
Project("{FAE04EC0-301F-11D3-BF4B-00C04F79EFBC}") = "Ouranos.Pantheon.Core.API", "src\core\Ouranos.Pantheon.Core.API\Ouranos.Pantheon.Core.API.csproj", "{D676A27F-C4A4-4741-A513-045762808A8C}"
EndProject
Project("{FAE04EC0-301F-11D3-BF4B-00C04F79EFBC}") = "Ouranos.Pantheon.Core.Application", "src\core\Ouranos.Pantheon.Core.Application\Ouranos.Pantheon.Core.Application.csproj", "{1A65C5FA-3121-4737-B49D-73920F76EC2F}"
EndProject
Project("{FAE04EC0-301F-11D3-BF4B-00C04F79EFBC}") = "Ouranos.Pantheon.Core.Domain", "src\core\Ouranos.Pantheon.Core.Domain\Ouranos.Pantheon.Core.Domain.csproj", "{F5EDC1BA-0974-48C7-8628-DCE5AFC484FF}"
EndProject
Project("{FAE04EC0-301F-11D3-BF4B-00C04F79EFBC}") = "Ouranos.Pantheon.Core.Infra.Mongo", "src\core\Ouranos.Pantheon.Core.Infra.Mongo\Ouranos.Pantheon.Core.Infra.Mongo.csproj", "{45BFA704-C089-4EB3-BE40-18ADD0617E82}"
EndProject
Project("{2150E333-8FDC-42A3-9474-1A3956D46DE8}") = "Solution Items", "Solution Items", "{17150C3E-ECED-431E-8CE0-774603C5A4BB}"
	ProjectSection(SolutionItems) = preProject
		.editorconfig = .editorconfig
		.gitignore = .gitignore
		Directory.Build.props = Directory.Build.props
		.gitlab-ci.yml = .gitlab-ci.yml
	EndProjectSection
EndProject
Project("{2150E333-8FDC-42A3-9474-1A3956D46DE8}") = "data-loaders", "data-loaders", "{DDE15ED7-21D6-4AC1-8536-B833DA144125}"
EndProject
Project("{2150E333-8FDC-42A3-9474-1A3956D46DE8}") = "plutus", "plutus", "{DBE7C5CA-24A4-4277-8F46-8043EE66C167}"
EndProject
Project("{2150E333-8FDC-42A3-9474-1A3956D46DE8}") = "osrs", "osrs", "{EFED1D76-F469-42BE-AB4A-2C99C48F786E}"
EndProject
Project("{2150E333-8FDC-42A3-9474-1A3956D46DE8}") = "ffxiv", "ffxiv", "{80277236-416A-4B1C-B32E-01AADF1552D0}"
EndProject
Project("{2150E333-8FDC-42A3-9474-1A3956D46DE8}") = "alpaca", "alpaca", "{CDF2D307-FB11-48E5-AA9A-233CBC6DDA2B}"
EndProject
Project("{2150E333-8FDC-42A3-9474-1A3956D46DE8}") = "gateway", "gateway", "{1A979A22-F861-4AF7-A575-864325889FB3}"
	ProjectSection(SolutionItems) = preProject
		src\gateway\Dockerfile = src\gateway\Dockerfile
	EndProjectSection
EndProject
Project("{FAE04EC0-301F-11D3-BF4B-00C04F79EFBC}") = "Ouranos.Pantheon.Gateway.API", "src\gateway\Ouranos.Pantheon.Gateway.API\Ouranos.Pantheon.Gateway.API.csproj", "{55B203CA-1BAD-485E-9828-C9B59187C013}"
EndProject
Project("{2150E333-8FDC-42A3-9474-1A3956D46DE8}") = "automation", "automation", "{E0913C48-3A0F-485E-967D-10D82EEA01F7}"
	ProjectSection(SolutionItems) = preProject
		automation\pre-commit = automation\pre-commit
		automation\pre-push = automation\pre-push
	EndProjectSection
EndProject
Global
	GlobalSection(SolutionConfigurationPlatforms) = preSolution
		Debug|Any CPU = Debug|Any CPU
		Release|Any CPU = Release|Any CPU
	EndGlobalSection
	GlobalSection(ProjectConfigurationPlatforms) = postSolution
		{DF3245BD-7D2E-4972-846E-473AE4046FB6}.Debug|Any CPU.ActiveCfg = Debug|Any CPU
		{DF3245BD-7D2E-4972-846E-473AE4046FB6}.Debug|Any CPU.Build.0 = Debug|Any CPU
		{DF3245BD-7D2E-4972-846E-473AE4046FB6}.Release|Any CPU.ActiveCfg = Release|Any CPU
		{DF3245BD-7D2E-4972-846E-473AE4046FB6}.Release|Any CPU.Build.0 = Release|Any CPU
		{FA83243E-89E1-43BC-AA6C-6BAE88F847F7}.Debug|Any CPU.ActiveCfg = Debug|Any CPU
		{FA83243E-89E1-43BC-AA6C-6BAE88F847F7}.Debug|Any CPU.Build.0 = Debug|Any CPU
		{FA83243E-89E1-43BC-AA6C-6BAE88F847F7}.Release|Any CPU.ActiveCfg = Release|Any CPU
		{FA83243E-89E1-43BC-AA6C-6BAE88F847F7}.Release|Any CPU.Build.0 = Release|Any CPU
		{96B239B6-E37A-497B-81A8-70156DD0C5FB}.Debug|Any CPU.ActiveCfg = Debug|Any CPU
		{96B239B6-E37A-497B-81A8-70156DD0C5FB}.Debug|Any CPU.Build.0 = Debug|Any CPU
		{96B239B6-E37A-497B-81A8-70156DD0C5FB}.Release|Any CPU.ActiveCfg = Release|Any CPU
		{96B239B6-E37A-497B-81A8-70156DD0C5FB}.Release|Any CPU.Build.0 = Release|Any CPU
		{C8979767-A2B2-4C29-B95F-58C94FD7E328}.Debug|Any CPU.ActiveCfg = Debug|Any CPU
		{C8979767-A2B2-4C29-B95F-58C94FD7E328}.Debug|Any CPU.Build.0 = Debug|Any CPU
		{C8979767-A2B2-4C29-B95F-58C94FD7E328}.Release|Any CPU.ActiveCfg = Release|Any CPU
		{C8979767-A2B2-4C29-B95F-58C94FD7E328}.Release|Any CPU.Build.0 = Release|Any CPU
		{F063E7F9-5853-4E42-853E-8C3E9C9A7CC5}.Debug|Any CPU.ActiveCfg = Debug|Any CPU
		{F063E7F9-5853-4E42-853E-8C3E9C9A7CC5}.Debug|Any CPU.Build.0 = Debug|Any CPU
		{F063E7F9-5853-4E42-853E-8C3E9C9A7CC5}.Release|Any CPU.ActiveCfg = Release|Any CPU
		{F063E7F9-5853-4E42-853E-8C3E9C9A7CC5}.Release|Any CPU.Build.0 = Release|Any CPU
		{7259D26F-9BF6-423E-ACB2-0383CD130E6E}.Debug|Any CPU.ActiveCfg = Debug|Any CPU
		{7259D26F-9BF6-423E-ACB2-0383CD130E6E}.Debug|Any CPU.Build.0 = Debug|Any CPU
		{7259D26F-9BF6-423E-ACB2-0383CD130E6E}.Release|Any CPU.ActiveCfg = Release|Any CPU
		{7259D26F-9BF6-423E-ACB2-0383CD130E6E}.Release|Any CPU.Build.0 = Release|Any CPU
		{D815CA66-CFEB-40B9-A74D-0525A4FFEB6B}.Debug|Any CPU.ActiveCfg = Debug|Any CPU
		{D815CA66-CFEB-40B9-A74D-0525A4FFEB6B}.Debug|Any CPU.Build.0 = Debug|Any CPU
		{D815CA66-CFEB-40B9-A74D-0525A4FFEB6B}.Release|Any CPU.ActiveCfg = Release|Any CPU
		{D815CA66-CFEB-40B9-A74D-0525A4FFEB6B}.Release|Any CPU.Build.0 = Release|Any CPU
		{334A2086-7DAE-4F17-B625-AFB4F461CC3B}.Debug|Any CPU.ActiveCfg = Debug|Any CPU
		{334A2086-7DAE-4F17-B625-AFB4F461CC3B}.Debug|Any CPU.Build.0 = Debug|Any CPU
		{334A2086-7DAE-4F17-B625-AFB4F461CC3B}.Release|Any CPU.ActiveCfg = Release|Any CPU
		{334A2086-7DAE-4F17-B625-AFB4F461CC3B}.Release|Any CPU.Build.0 = Release|Any CPU
		{E99980D6-17D0-4618-BF7A-4120E52CBAA4}.Debug|Any CPU.ActiveCfg = Debug|Any CPU
		{E99980D6-17D0-4618-BF7A-4120E52CBAA4}.Debug|Any CPU.Build.0 = Debug|Any CPU
		{E99980D6-17D0-4618-BF7A-4120E52CBAA4}.Release|Any CPU.ActiveCfg = Release|Any CPU
		{E99980D6-17D0-4618-BF7A-4120E52CBAA4}.Release|Any CPU.Build.0 = Release|Any CPU
		{D676A27F-C4A4-4741-A513-045762808A8C}.Debug|Any CPU.ActiveCfg = Debug|Any CPU
		{D676A27F-C4A4-4741-A513-045762808A8C}.Debug|Any CPU.Build.0 = Debug|Any CPU
		{D676A27F-C4A4-4741-A513-045762808A8C}.Release|Any CPU.ActiveCfg = Release|Any CPU
		{D676A27F-C4A4-4741-A513-045762808A8C}.Release|Any CPU.Build.0 = Release|Any CPU
		{1A65C5FA-3121-4737-B49D-73920F76EC2F}.Debug|Any CPU.ActiveCfg = Debug|Any CPU
		{1A65C5FA-3121-4737-B49D-73920F76EC2F}.Debug|Any CPU.Build.0 = Debug|Any CPU
		{1A65C5FA-3121-4737-B49D-73920F76EC2F}.Release|Any CPU.ActiveCfg = Release|Any CPU
		{1A65C5FA-3121-4737-B49D-73920F76EC2F}.Release|Any CPU.Build.0 = Release|Any CPU
		{F5EDC1BA-0974-48C7-8628-DCE5AFC484FF}.Debug|Any CPU.ActiveCfg = Debug|Any CPU
		{F5EDC1BA-0974-48C7-8628-DCE5AFC484FF}.Debug|Any CPU.Build.0 = Debug|Any CPU
		{F5EDC1BA-0974-48C7-8628-DCE5AFC484FF}.Release|Any CPU.ActiveCfg = Release|Any CPU
		{F5EDC1BA-0974-48C7-8628-DCE5AFC484FF}.Release|Any CPU.Build.0 = Release|Any CPU
		{45BFA704-C089-4EB3-BE40-18ADD0617E82}.Debug|Any CPU.ActiveCfg = Debug|Any CPU
		{45BFA704-C089-4EB3-BE40-18ADD0617E82}.Debug|Any CPU.Build.0 = Debug|Any CPU
		{45BFA704-C089-4EB3-BE40-18ADD0617E82}.Release|Any CPU.ActiveCfg = Release|Any CPU
		{45BFA704-C089-4EB3-BE40-18ADD0617E82}.Release|Any CPU.Build.0 = Release|Any CPU
		{55B203CA-1BAD-485E-9828-C9B59187C013}.Debug|Any CPU.ActiveCfg = Debug|Any CPU
		{55B203CA-1BAD-485E-9828-C9B59187C013}.Debug|Any CPU.Build.0 = Debug|Any CPU
		{55B203CA-1BAD-485E-9828-C9B59187C013}.Release|Any CPU.ActiveCfg = Release|Any CPU
		{55B203CA-1BAD-485E-9828-C9B59187C013}.Release|Any CPU.Build.0 = Release|Any CPU
	EndGlobalSection
	GlobalSection(NestedProjects) = preSolution
		{128A9F3B-4D1A-4A93-A0EC-2426770786AC} = {24007BE7-AE6D-46D3-B37A-522FE3EF0D9C}
		{3718B2D4-51F6-40AC-8360-6635988D47DE} = {24007BE7-AE6D-46D3-B37A-522FE3EF0D9C}
		{CEC7CE2F-45F1-4BBB-B1D0-E7BCAFEADB7D} = {3718B2D4-51F6-40AC-8360-6635988D47DE}
		{64F2EE35-47B2-45E2-8ADE-D989156D68DE} = {3718B2D4-51F6-40AC-8360-6635988D47DE}
		{DF3245BD-7D2E-4972-846E-473AE4046FB6} = {CEC7CE2F-45F1-4BBB-B1D0-E7BCAFEADB7D}
		{FA83243E-89E1-43BC-AA6C-6BAE88F847F7} = {CEC7CE2F-45F1-4BBB-B1D0-E7BCAFEADB7D}
		{96B239B6-E37A-497B-81A8-70156DD0C5FB} = {CEC7CE2F-45F1-4BBB-B1D0-E7BCAFEADB7D}
		{C8979767-A2B2-4C29-B95F-58C94FD7E328} = {CEC7CE2F-45F1-4BBB-B1D0-E7BCAFEADB7D}
		{F063E7F9-5853-4E42-853E-8C3E9C9A7CC5} = {CEC7CE2F-45F1-4BBB-B1D0-E7BCAFEADB7D}
		{7259D26F-9BF6-423E-ACB2-0383CD130E6E} = {64F2EE35-47B2-45E2-8ADE-D989156D68DE}
		{D815CA66-CFEB-40B9-A74D-0525A4FFEB6B} = {64F2EE35-47B2-45E2-8ADE-D989156D68DE}
		{334A2086-7DAE-4F17-B625-AFB4F461CC3B} = {64F2EE35-47B2-45E2-8ADE-D989156D68DE}
		{E99980D6-17D0-4618-BF7A-4120E52CBAA4} = {64F2EE35-47B2-45E2-8ADE-D989156D68DE}
		{D676A27F-C4A4-4741-A513-045762808A8C} = {128A9F3B-4D1A-4A93-A0EC-2426770786AC}
		{1A65C5FA-3121-4737-B49D-73920F76EC2F} = {128A9F3B-4D1A-4A93-A0EC-2426770786AC}
		{F5EDC1BA-0974-48C7-8628-DCE5AFC484FF} = {128A9F3B-4D1A-4A93-A0EC-2426770786AC}
		{45BFA704-C089-4EB3-BE40-18ADD0617E82} = {128A9F3B-4D1A-4A93-A0EC-2426770786AC}
		{DDE15ED7-21D6-4AC1-8536-B833DA144125} = {24007BE7-AE6D-46D3-B37A-522FE3EF0D9C}
		{DBE7C5CA-24A4-4277-8F46-8043EE66C167} = {DDE15ED7-21D6-4AC1-8536-B833DA144125}
		{EFED1D76-F469-42BE-AB4A-2C99C48F786E} = {DBE7C5CA-24A4-4277-8F46-8043EE66C167}
		{80277236-416A-4B1C-B32E-01AADF1552D0} = {DBE7C5CA-24A4-4277-8F46-8043EE66C167}
		{CDF2D307-FB11-48E5-AA9A-233CBC6DDA2B} = {DBE7C5CA-24A4-4277-8F46-8043EE66C167}
		{1A979A22-F861-4AF7-A575-864325889FB3} = {24007BE7-AE6D-46D3-B37A-522FE3EF0D9C}
		{55B203CA-1BAD-485E-9828-C9B59187C013} = {1A979A22-F861-4AF7-A575-864325889FB3}
	EndGlobalSection
EndGlobal
