
Microsoft Visual Studio Solution File, Format Version 12.00
Project("{2150E333-8FDC-42A3-9474-1A3956D46DE8}") = "src", "src", "{24007BE7-AE6D-46D3-B37A-522FE3EF0D9C}"
EndProject
Project("{2150E333-8FDC-42A3-9474-1A3956D46DE8}") = "tests", "tests", "{F392701E-51BD-4568-8747-EEB6210D34B1}"
	ProjectSection(SolutionItems) = preProject
		tests\Directory.Build.props = tests\Directory.Build.props
	EndProjectSection
EndProject
Project("{2150E333-8FDC-42A3-9474-1A3956D46DE8}") = "core", "core", "{128A9F3B-4D1A-4A93-A0EC-2426770786AC}"
	ProjectSection(SolutionItems) = preProject
		src\core\README.md = src\core\README.md
	EndProjectSection
EndProject
Project("{2150E333-8FDC-42A3-9474-1A3956D46DE8}") = "hermes", "hermes", "{3718B2D4-51F6-40AC-8360-6635988D47DE}"
EndProject
Project("{2150E333-8FDC-42A3-9474-1A3956D46DE8}") = "service", "service", "{CEC7CE2F-45F1-4BBB-B1D0-E7BCAFEADB7D}"
	ProjectSection(SolutionItems) = preProject
		src\hermes\service\Dockerfile = src\hermes\service\Dockerfile
		src\hermes\service\README.md = src\hermes\service\README.md
	EndProjectSection
EndProject
Project("{2150E333-8FDC-42A3-9474-1A3956D46DE8}") = "service", "service", "{64F2EE35-47B2-45E2-8ADE-D989156D68DE}"
	ProjectSection(SolutionItems) = preProject
		src\plutus\service\Dockerfile = src\plutus\service\Dockerfile
		src\plutus\service\README.md = src\plutus\service\README.md
	EndProjectSection
EndProject
Project("{FAE04EC0-301F-11D3-BF4B-00C04F79EFBC}") = "Ouranos.Pantheon.Core.API", "src\core\Ouranos.Pantheon.Core.API\Ouranos.Pantheon.Core.API.csproj", "{D676A27F-C4A4-4741-A513-045762808A8C}"
EndProject
Project("{FAE04EC0-301F-11D3-BF4B-00C04F79EFBC}") = "Ouranos.Pantheon.Core.Application", "src\core\Ouranos.Pantheon.Core.Application\Ouranos.Pantheon.Core.Application.csproj", "{1A65C5FA-3121-4737-B49D-73920F76EC2F}"
EndProject
Project("{FAE04EC0-301F-11D3-BF4B-00C04F79EFBC}") = "Ouranos.Pantheon.Core.Domain", "src\core\Ouranos.Pantheon.Core.Domain\Ouranos.Pantheon.Core.Domain.csproj", "{F5EDC1BA-0974-48C7-8628-DCE5AFC484FF}"
EndProject
Project("{FAE04EC0-301F-11D3-BF4B-00C04F79EFBC}") = "Ouranos.Pantheon.Core.Infra.Mongo", "src\core\Ouranos.Pantheon.Core.Infra.Mongo\Ouranos.Pantheon.Core.Infra.Mongo.csproj", "{45BFA704-C089-4EB3-BE40-18ADD0617E82}"
EndProject
Project("{2150E333-8FDC-42A3-9474-1A3956D46DE8}") = "Solution Items", "Solution Items", "{17150C3E-ECED-431E-8CE0-774603C5A4BB}"
	ProjectSection(SolutionItems) = preProject
		.editorconfig = .editorconfig
		.gitignore = .gitignore
		Directory.Build.props = Directory.Build.props
		.gitlab-ci.yml = .gitlab-ci.yml
		README.md = README.md
	EndProjectSection
EndProject
Project("{2150E333-8FDC-42A3-9474-1A3956D46DE8}") = "plutus", "plutus", "{DDE15ED7-21D6-4AC1-8536-B833DA144125}"
EndProject
Project("{2150E333-8FDC-42A3-9474-1A3956D46DE8}") = "data-loaders", "data-loaders", "{DBE7C5CA-24A4-4277-8F46-8043EE66C167}"
	ProjectSection(SolutionItems) = preProject
		src\plutus\data-loaders\README.md = src\plutus\data-loaders\README.md
	EndProjectSection
EndProject
Project("{2150E333-8FDC-42A3-9474-1A3956D46DE8}") = "osrs", "osrs", "{EFED1D76-F469-42BE-AB4A-2C99C48F786E}"
	ProjectSection(SolutionItems) = preProject
		src\plutus\data-loaders\osrs\Dockerfile = src\plutus\data-loaders\osrs\Dockerfile
	EndProjectSection
EndProject
Project("{2150E333-8FDC-42A3-9474-1A3956D46DE8}") = "ffxiv", "ffxiv", "{80277236-416A-4B1C-B32E-01AADF1552D0}"
	ProjectSection(SolutionItems) = preProject
		src\plutus\data-loaders\ffxiv\Dockerfile = src\plutus\data-loaders\ffxiv\Dockerfile
	EndProjectSection
EndProject
Project("{2150E333-8FDC-42A3-9474-1A3956D46DE8}") = "stocks", "stocks", "{CDF2D307-FB11-48E5-AA9A-233CBC6DDA2B}"
	ProjectSection(SolutionItems) = preProject
		src\plutus\data-loaders\stocks\Dockerfile = src\plutus\data-loaders\stocks\Dockerfile
	EndProjectSection
EndProject
Project("{2150E333-8FDC-42A3-9474-1A3956D46DE8}") = "gateway", "gateway", "{1A979A22-F861-4AF7-A575-864325889FB3}"
	ProjectSection(SolutionItems) = preProject
		src\gateway\Dockerfile = src\gateway\Dockerfile
		src\gateway\README.md = src\gateway\README.md
	EndProjectSection
EndProject
Project("{FAE04EC0-301F-11D3-BF4B-00C04F79EFBC}") = "Ouranos.Pantheon.Gateway.API", "src\gateway\Ouranos.Pantheon.Gateway.API\Ouranos.Pantheon.Gateway.API.csproj", "{55B203CA-1BAD-485E-9828-C9B59187C013}"
EndProject
Project("{2150E333-8FDC-42A3-9474-1A3956D46DE8}") = "automation", "automation", "{E0913C48-3A0F-485E-967D-10D82EEA01F7}"
	ProjectSection(SolutionItems) = preProject
		automation\pre-commit = automation\pre-commit
		automation\pre-push = automation\pre-push
	EndProjectSection
EndProject
Project("{FAE04EC0-301F-11D3-BF4B-00C04F79EFBC}") = "Ouranos.Pantheon.Core.Infra.OuranosMl", "src\core\Ouranos.Pantheon.Core.Infra.OuranosMl\Ouranos.Pantheon.Core.Infra.OuranosMl.csproj", "{FAD49603-31FE-4551-8FF7-538768E20D5B}"
EndProject
Project("{2150E333-8FDC-42A3-9474-1A3956D46DE8}") = "consumer", "consumer", "{7AA6C4E7-1F7A-4AAF-B70B-730A237D1F24}"
	ProjectSection(SolutionItems) = preProject
		src\plutus\data-loaders\consumer\Dockerfile = src\plutus\data-loaders\consumer\Dockerfile
	EndProjectSection
EndProject
Project("{FAE04EC0-301F-11D3-BF4B-00C04F79EFBC}") = "Ouranos.Pantheon.Core.WebSockets", "src\core\Ouranos.Pantheon.Core.WebSockets\Ouranos.Pantheon.Core.WebSockets.csproj", "{F85D0FF6-1C8E-4C54-97C0-39412D6933AE}"
EndProject
Project("{FAE04EC0-301F-11D3-BF4B-00C04F79EFBC}") = "Ouranos.Pantheon.Core.Common", "src\core\Ouranos.Pantheon.Core.Common\Ouranos.Pantheon.Core.Common.csproj", "{D2C34FAF-06AD-4A88-A506-7628A66DFE2D}"
EndProject
Project("{2150E333-8FDC-42A3-9474-1A3956D46DE8}") = "examples", "examples", "{065EDAE0-BA88-43B0-8C19-0A1221AA7B09}"
EndProject
Project("{FAE04EC0-301F-11D3-BF4B-00C04F79EFBC}") = "Ouranos.Pantheon.Core.Common.Examples", "examples\Ouranos.Pantheon.Core.Common.Examples\Ouranos.Pantheon.Core.Common.Examples.csproj", "{E1444F75-80F2-4C62-9100-E5A69836AC1A}"
EndProject
Project("{2150E333-8FDC-42A3-9474-1A3956D46DE8}") = "core", "core", "{E77EDC83-6ED1-424E-A7BA-2E0E62C75DDD}"
EndProject
Project("{FAE04EC0-301F-11D3-BF4B-00C04F79EFBC}") = "Ouranos.Pantheon.Core.Domain.Tests", "tests\core\Ouranos.Pantheon.Core.Domain.Tests\Ouranos.Pantheon.Core.Domain.Tests.csproj", "{E3445E33-87C3-4161-B5B7-5211743E1AF0}"
EndProject
Project("{FAE04EC0-301F-11D3-BF4B-00C04F79EFBC}") = "Ouranos.Pantheon.Core.Application.Tests", "tests\core\Ouranos.Pantheon.Core.Application.Tests\Ouranos.Pantheon.Core.Application.Tests.csproj", "{8104B2C5-3063-4924-82FC-ACD046C34AD5}"
EndProject
Project("{FAE04EC0-301F-11D3-BF4B-00C04F79EFBC}") = "Ouranos.Pantheon.Tests.Utils", "tests\Ouranos.Pantheon.Tests.Utils\Ouranos.Pantheon.Tests.Utils.csproj", "{4E996D12-1F9F-4CA0-9765-3949D538D3EB}"
EndProject
Project("{2150E333-8FDC-42A3-9474-1A3956D46DE8}") = "migration", "migration", "{03224059-6B92-42A6-83E1-3BB844A1464E}"
EndProject
Project("{FAE04EC0-301F-11D3-BF4B-00C04F79EFBC}") = "Ouranos.Pantheon.Core.Infra.OuranosMl.Tests", "tests\core\Ouranos.Pantheon.Core.Infra.OuranosMl.Tests\Ouranos.Pantheon.Core.Infra.OuranosMl.Tests.csproj", "{AC0F5781-C7B5-4275-B571-2723C2EEBAB9}"
EndProject
Project("{FAE04EC0-301F-11D3-BF4B-00C04F79EFBC}") = "Ouranos.Pantheon.Core.API.Tests", "tests\core\Ouranos.Pantheon.Core.API.Tests\Ouranos.Pantheon.Core.API.Tests.csproj", "{494AF5B7-CA7B-4C57-9C06-60A6D42DB86B}"
EndProject
Project("{FAE04EC0-301F-11D3-BF4B-00C04F79EFBC}") = "Ouranos.Pantheon.Core.Common.Tests", "tests\core\Ouranos.Pantheon.Core.Common.Tests\Ouranos.Pantheon.Core.Common.Tests.csproj", "{27CDE586-54FA-4FAA-A177-D68758AE7B7F}"
EndProject
Project("{FAE04EC0-301F-11D3-BF4B-00C04F79EFBC}") = "Ouranos.Pantheon.Core.Infra.Mongo.Tests", "tests\core\Ouranos.Pantheon.Core.Infra.Mongo.Tests\Ouranos.Pantheon.Core.Infra.Mongo.Tests.csproj", "{41EFF7E2-AEA8-4242-85E3-6B20399698AA}"
EndProject
Project("{FAE04EC0-301F-11D3-BF4B-00C04F79EFBC}") = "Ouranos.Pantheon.Core.WebSockets.Tests", "tests\core\Ouranos.Pantheon.Core.WebSockets.Tests\Ouranos.Pantheon.Core.WebSockets.Tests.csproj", "{B56D9E86-7EFC-4796-B002-7C29DF4356ED}"
EndProject
Project("{FAE04EC0-301F-11D3-BF4B-00C04F79EFBC}") = "Ouranos.Pantheon.Core.Infra.Postgres", "src\core\Ouranos.Pantheon.Core.Infra.Postgres\Ouranos.Pantheon.Core.Infra.Postgres.csproj", "{46E8C217-1583-419A-B01B-C321F982CF96}"
EndProject
Project("{2150E333-8FDC-42A3-9474-1A3956D46DE8}") = "seed", "seed", "{35FD8FD9-0651-4902-85A2-2EB724D0C2FE}"
EndProject
Project("{FAE04EC0-301F-11D3-BF4B-00C04F79EFBC}") = "Ouranos.Pantheon.Hermes.Service.API", "src\hermes\service\Ouranos.Pantheon.Hermes.Service.API\Ouranos.Pantheon.Hermes.Service.API.csproj", "{CDD1BFEA-982B-47DC-8F3B-1980E62B4C06}"
EndProject
Project("{FAE04EC0-301F-11D3-BF4B-00C04F79EFBC}") = "Ouranos.Pantheon.Hermes.Service.Application", "src\hermes\service\Ouranos.Pantheon.Hermes.Service.Application\Ouranos.Pantheon.Hermes.Service.Application.csproj", "{521136D6-8358-40E3-9511-413FFAE038B0}"
EndProject
Project("{FAE04EC0-301F-11D3-BF4B-00C04F79EFBC}") = "Ouranos.Pantheon.Hermes.Service.Domain", "src\hermes\service\Ouranos.Pantheon.Hermes.Service.Domain\Ouranos.Pantheon.Hermes.Service.Domain.csproj", "{1CA42830-5286-4123-9534-5E748B3EEC7B}"
EndProject
Project("{FAE04EC0-301F-11D3-BF4B-00C04F79EFBC}") = "Ouranos.Pantheon.Hermes.Service.Infra.Mongo", "src\hermes\service\Ouranos.Pantheon.Hermes.Service.Infra.Mongo\Ouranos.Pantheon.Hermes.Service.Infra.Mongo.csproj", "{3348C69A-F905-4E3E-89C4-0B00AF954330}"
EndProject
Project("{FAE04EC0-301F-11D3-BF4B-00C04F79EFBC}") = "Ouranos.Pantheon.Hermes.Service.Infra.OuranosMl", "src\hermes\service\Ouranos.Pantheon.Hermes.Service.Infra.OuranosMl\Ouranos.Pantheon.Hermes.Service.Infra.OuranosMl.csproj", "{FDB89ABC-350C-48D6-B5F2-B2DCF08DAA2F}"
EndProject
Project("{FAE04EC0-301F-11D3-BF4B-00C04F79EFBC}") = "Ouranos.Pantheon.Hermes.Service.Infra.Postgres", "src\hermes\service\Ouranos.Pantheon.Hermes.Service.Infra.Postgres\Ouranos.Pantheon.Hermes.Service.Infra.Postgres.csproj", "{8BAD6B8B-0BC4-4C0F-A834-38FB9ACB1A8A}"
EndProject
Project("{FAE04EC0-301F-11D3-BF4B-00C04F79EFBC}") = "Ouranos.Pantheon.Plutus.DataLoader.Consumer", "src\plutus\data-loaders\consumer\Ouranos.Pantheon.Plutus.DataLoader.Consumer\Ouranos.Pantheon.Plutus.DataLoader.Consumer.csproj", "{E7E62347-A194-4219-81B8-DD70BC2C6480}"
EndProject
Project("{FAE04EC0-301F-11D3-BF4B-00C04F79EFBC}") = "Ouranos.Pantheon.Plutus.DataLoader.Application", "src\plutus\data-loaders\Ouranos.Pantheon.Plutus.DataLoader.Application\Ouranos.Pantheon.Plutus.DataLoader.Application.csproj", "{B2D1FBE9-4D69-4E9F-81C1-7C80F264F2EC}"
EndProject
Project("{FAE04EC0-301F-11D3-BF4B-00C04F79EFBC}") = "Ouranos.Pantheon.Plutus.DataLoader.Domain", "src\plutus\data-loaders\Ouranos.Pantheon.Plutus.DataLoader.Domain\Ouranos.Pantheon.Plutus.DataLoader.Domain.csproj", "{2BE3CA36-51F1-4CC3-95A2-77AED7744E6F}"
EndProject
Project("{FAE04EC0-301F-11D3-BF4B-00C04F79EFBC}") = "Ouranos.Pantheon.Plutus.DataLoader.Infra.RabbitMq", "src\plutus\data-loaders\Ouranos.Pantheon.Plutus.DataLoader.Infra.RabbitMq\Ouranos.Pantheon.Plutus.DataLoader.Infra.RabbitMq.csproj", "{BD429258-298C-43D6-8B42-F8E3C6408D23}"
EndProject
Project("{FAE04EC0-301F-11D3-BF4B-00C04F79EFBC}") = "Ouranos.Pantheon.Plutus.DataLoader.Worker", "src\plutus\data-loaders\Ouranos.Pantheon.Plutus.DataLoader.Worker\Ouranos.Pantheon.Plutus.DataLoader.Worker.csproj", "{F183BF9A-620C-49D4-8199-777A16D7D5C9}"
EndProject
Project("{FAE04EC0-301F-11D3-BF4B-00C04F79EFBC}") = "Ouranos.Pantheon.Plutus.DataLoader.Ffxiv.Application", "src\plutus\data-loaders\ffxiv\Ouranos.Pantheon.Plutus.DataLoader.Ffxiv.Application\Ouranos.Pantheon.Plutus.DataLoader.Ffxiv.Application.csproj", "{20516F11-9222-41F1-96D3-7A793FE08FCE}"
EndProject
Project("{FAE04EC0-301F-11D3-BF4B-00C04F79EFBC}") = "Ouranos.Pantheon.Plutus.DataLoader.Ffxiv.Infra.XivApi", "src\plutus\data-loaders\ffxiv\Ouranos.Pantheon.Plutus.DataLoader.Ffxiv.Infra.XivApi\Ouranos.Pantheon.Plutus.DataLoader.Ffxiv.Infra.XivApi.csproj", "{57DE08ED-37BC-4125-AF4B-15DFD2666863}"
EndProject
Project("{FAE04EC0-301F-11D3-BF4B-00C04F79EFBC}") = "Ouranos.Pantheon.Plutus.DataLoader.Ffxiv.Producer", "src\plutus\data-loaders\ffxiv\Ouranos.Pantheon.Plutus.DataLoader.Ffxiv.Producer\Ouranos.Pantheon.Plutus.DataLoader.Ffxiv.Producer.csproj", "{87FE363B-665C-4536-98E8-F5C9D5D1D41F}"
EndProject
Project("{FAE04EC0-301F-11D3-BF4B-00C04F79EFBC}") = "Ouranos.Pantheon.Plutus.DataLoader.Migration", "src\plutus\data-loaders\migration\Ouranos.Pantheon.Plutus.DataLoader.Migration\Ouranos.Pantheon.Plutus.DataLoader.Migration.csproj", "{8D8102EA-B17F-4284-8DD9-0DDE81E57CE6}"
EndProject
Project("{FAE04EC0-301F-11D3-BF4B-00C04F79EFBC}") = "Ouranos.Pantheon.Plutus.DataLoader.Osrs.Application", "src\plutus\data-loaders\osrs\Ouranos.Pantheon.Plutus.DataLoader.Osrs.Application\Ouranos.Pantheon.Plutus.DataLoader.Osrs.Application.csproj", "{51A1A86A-7D18-4F29-B80C-5E4916C40CF7}"
EndProject
Project("{FAE04EC0-301F-11D3-BF4B-00C04F79EFBC}") = "Ouranos.Pantheon.Plutus.DataLoader.Osrs.Infra.OsrsWiki", "src\plutus\data-loaders\osrs\Ouranos.Pantheon.Plutus.DataLoader.Osrs.Infra.OsrsWiki\Ouranos.Pantheon.Plutus.DataLoader.Osrs.Infra.OsrsWiki.csproj", "{8505320D-F2F5-4916-AB96-DADA76AFD2F4}"
EndProject
Project("{FAE04EC0-301F-11D3-BF4B-00C04F79EFBC}") = "Ouranos.Pantheon.Plutus.DataLoader.Osrs.Producer", "src\plutus\data-loaders\osrs\Ouranos.Pantheon.Plutus.DataLoader.Osrs.Producer\Ouranos.Pantheon.Plutus.DataLoader.Osrs.Producer.csproj", "{444C3684-F9AD-4064-9988-F0811D5004C4}"
EndProject
Project("{FAE04EC0-301F-11D3-BF4B-00C04F79EFBC}") = "Ouranos.Pantheon.Plutus.DataLoader.Seed", "src\plutus\data-loaders\seed\Ouranos.Pantheon.Plutus.DataLoader.Seed\Ouranos.Pantheon.Plutus.DataLoader.Seed.csproj", "{98B218CE-F5CD-4E92-89D1-5D8D0AB5BA39}"
EndProject
Project("{FAE04EC0-301F-11D3-BF4B-00C04F79EFBC}") = "Ouranos.Pantheon.Plutus.DataLoader.Stocks.Producer", "src\plutus\data-loaders\stocks\Ouranos.Pantheon.Plutus.DataLoader.Stocks.Producer\Ouranos.Pantheon.Plutus.DataLoader.Stocks.Producer.csproj", "{6009CEFE-8189-4FE0-9C20-97302DDABE07}"
EndProject
Project("{FAE04EC0-301F-11D3-BF4B-00C04F79EFBC}") = "Ouranos.Pantheon.Plutus.Service.API", "src\plutus\service\Ouranos.Pantheon.Plutus.Service.API\Ouranos.Pantheon.Plutus.Service.API.csproj", "{E4F3D959-0A10-4139-BA7E-2C8486CD40EE}"
EndProject
Project("{FAE04EC0-301F-11D3-BF4B-00C04F79EFBC}") = "Ouranos.Pantheon.Plutus.Service.Application", "src\plutus\service\Ouranos.Pantheon.Plutus.Service.Application\Ouranos.Pantheon.Plutus.Service.Application.csproj", "{C8BE2AC1-5F50-4E64-9515-8E88CDAF845E}"
EndProject
Project("{FAE04EC0-301F-11D3-BF4B-00C04F79EFBC}") = "Ouranos.Pantheon.Plutus.Service.Domain", "src\plutus\service\Ouranos.Pantheon.Plutus.Service.Domain\Ouranos.Pantheon.Plutus.Service.Domain.csproj", "{6873AAB2-CEEF-4788-B685-D11EF2F7F375}"
EndProject
Project("{FAE04EC0-301F-11D3-BF4B-00C04F79EFBC}") = "Ouranos.Pantheon.Plutus.Service.Infra.Mongo", "src\plutus\service\Ouranos.Pantheon.Plutus.Service.Infra.Mongo\Ouranos.Pantheon.Plutus.Service.Infra.Mongo.csproj", "{A0510CAF-0FB6-4F14-B8B2-8849021BF390}"
EndProject
Project("{FAE04EC0-301F-11D3-BF4B-00C04F79EFBC}") = "Ouranos.Pantheon.Plutus.Service.Infra.OuranosMl", "src\plutus\service\Ouranos.Pantheon.Plutus.Service.Infra.OuranosMl\Ouranos.Pantheon.Plutus.Service.Infra.OuranosMl.csproj", "{0C2566D1-4081-4281-88B4-25D0EB52AFC9}"
EndProject
Project("{FAE04EC0-301F-11D3-BF4B-00C04F79EFBC}") = "Ouranos.Pantheon.Plutus.Service.Infra.Postgres", "src\plutus\service\Ouranos.Pantheon.Plutus.Service.Infra.Postgres\Ouranos.Pantheon.Plutus.Service.Infra.Postgres.csproj", "{3BCCDA57-F380-4061-B6E0-0C71069869B7}"
EndProject
Project("{2150E333-8FDC-42A3-9474-1A3956D46DE8}") = "plutus", "plutus", "{5E7CB603-D617-4A7E-BE83-CCF76DAA5914}"
EndProject
Project("{2150E333-8FDC-42A3-9474-1A3956D46DE8}") = "service", "service", "{E9BD53AF-12FF-444F-8485-B7DB8A4E1506}"
EndProject
Project("{FAE04EC0-301F-11D3-BF4B-00C04F79EFBC}") = "Ouranos.Pantheon.Plutus.Service.Application.Tests", "tests\plutus\service\Ouranos.Pantheon.Plutus.Service.Application.Tests\Ouranos.Pantheon.Plutus.Service.Application.Tests.csproj", "{BF22C5F6-51B4-4910-AC69-BD84906C8B15}"
EndProject
Project("{FAE04EC0-301F-11D3-BF4B-00C04F79EFBC}") = "Ouranos.Pantheon.Plutus.Service.Domain.Tests", "tests\plutus\service\Ouranos.Pantheon.Plutus.Service.Domain.Tests\Ouranos.Pantheon.Plutus.Service.Domain.Tests.csproj", "{C1B399DE-35D7-4F36-ADE3-CB7FDD8A1BFD}"
EndProject
Project("{FAE04EC0-301F-11D3-BF4B-00C04F79EFBC}") = "Ouranos.Pantheon.Plutus.Service.Infra.OuranosMl.Tests", "tests\plutus\service\Ouranos.Pantheon.Plutus.Service.Infra.OuranosMl.Tests\Ouranos.Pantheon.Plutus.Service.Infra.OuranosMl.Tests.csproj", "{D944E985-8DF5-4629-BC0E-5AF82BAC6555}"
EndProject
Global
	GlobalSection(SolutionConfigurationPlatforms) = preSolution
		Debug|Any CPU = Debug|Any CPU
		Release|Any CPU = Release|Any CPU
	EndGlobalSection
	GlobalSection(ProjectConfigurationPlatforms) = postSolution
		{D676A27F-C4A4-4741-A513-045762808A8C}.Debug|Any CPU.ActiveCfg = Debug|Any CPU
		{D676A27F-C4A4-4741-A513-045762808A8C}.Debug|Any CPU.Build.0 = Debug|Any CPU
		{D676A27F-C4A4-4741-A513-045762808A8C}.Release|Any CPU.ActiveCfg = Release|Any CPU
		{D676A27F-C4A4-4741-A513-045762808A8C}.Release|Any CPU.Build.0 = Release|Any CPU
		{1A65C5FA-3121-4737-B49D-73920F76EC2F}.Debug|Any CPU.ActiveCfg = Debug|Any CPU
		{1A65C5FA-3121-4737-B49D-73920F76EC2F}.Debug|Any CPU.Build.0 = Debug|Any CPU
		{1A65C5FA-3121-4737-B49D-73920F76EC2F}.Release|Any CPU.ActiveCfg = Release|Any CPU
		{1A65C5FA-3121-4737-B49D-73920F76EC2F}.Release|Any CPU.Build.0 = Release|Any CPU
		{F5EDC1BA-0974-48C7-8628-DCE5AFC484FF}.Debug|Any CPU.ActiveCfg = Debug|Any CPU
		{F5EDC1BA-0974-48C7-8628-DCE5AFC484FF}.Debug|Any CPU.Build.0 = Debug|Any CPU
		{F5EDC1BA-0974-48C7-8628-DCE5AFC484FF}.Release|Any CPU.ActiveCfg = Release|Any CPU
		{F5EDC1BA-0974-48C7-8628-DCE5AFC484FF}.Release|Any CPU.Build.0 = Release|Any CPU
		{45BFA704-C089-4EB3-BE40-18ADD0617E82}.Debug|Any CPU.ActiveCfg = Debug|Any CPU
		{45BFA704-C089-4EB3-BE40-18ADD0617E82}.Debug|Any CPU.Build.0 = Debug|Any CPU
		{45BFA704-C089-4EB3-BE40-18ADD0617E82}.Release|Any CPU.ActiveCfg = Release|Any CPU
		{45BFA704-C089-4EB3-BE40-18ADD0617E82}.Release|Any CPU.Build.0 = Release|Any CPU
		{55B203CA-1BAD-485E-9828-C9B59187C013}.Debug|Any CPU.ActiveCfg = Debug|Any CPU
		{55B203CA-1BAD-485E-9828-C9B59187C013}.Debug|Any CPU.Build.0 = Debug|Any CPU
		{55B203CA-1BAD-485E-9828-C9B59187C013}.Release|Any CPU.ActiveCfg = Release|Any CPU
		{55B203CA-1BAD-485E-9828-C9B59187C013}.Release|Any CPU.Build.0 = Release|Any CPU
		{FAD49603-31FE-4551-8FF7-538768E20D5B}.Debug|Any CPU.ActiveCfg = Debug|Any CPU
		{FAD49603-31FE-4551-8FF7-538768E20D5B}.Debug|Any CPU.Build.0 = Debug|Any CPU
		{FAD49603-31FE-4551-8FF7-538768E20D5B}.Release|Any CPU.ActiveCfg = Release|Any CPU
		{FAD49603-31FE-4551-8FF7-538768E20D5B}.Release|Any CPU.Build.0 = Release|Any CPU
		{F85D0FF6-1C8E-4C54-97C0-39412D6933AE}.Debug|Any CPU.ActiveCfg = Debug|Any CPU
		{F85D0FF6-1C8E-4C54-97C0-39412D6933AE}.Debug|Any CPU.Build.0 = Debug|Any CPU
		{F85D0FF6-1C8E-4C54-97C0-39412D6933AE}.Release|Any CPU.ActiveCfg = Release|Any CPU
		{F85D0FF6-1C8E-4C54-97C0-39412D6933AE}.Release|Any CPU.Build.0 = Release|Any CPU
		{D2C34FAF-06AD-4A88-A506-7628A66DFE2D}.Debug|Any CPU.ActiveCfg = Debug|Any CPU
		{D2C34FAF-06AD-4A88-A506-7628A66DFE2D}.Debug|Any CPU.Build.0 = Debug|Any CPU
		{D2C34FAF-06AD-4A88-A506-7628A66DFE2D}.Release|Any CPU.ActiveCfg = Release|Any CPU
		{D2C34FAF-06AD-4A88-A506-7628A66DFE2D}.Release|Any CPU.Build.0 = Release|Any CPU
		{E1444F75-80F2-4C62-9100-E5A69836AC1A}.Debug|Any CPU.ActiveCfg = Debug|Any CPU
		{E1444F75-80F2-4C62-9100-E5A69836AC1A}.Debug|Any CPU.Build.0 = Debug|Any CPU
		{E1444F75-80F2-4C62-9100-E5A69836AC1A}.Release|Any CPU.ActiveCfg = Release|Any CPU
		{E1444F75-80F2-4C62-9100-E5A69836AC1A}.Release|Any CPU.Build.0 = Release|Any CPU
		{E3445E33-87C3-4161-B5B7-5211743E1AF0}.Debug|Any CPU.ActiveCfg = Debug|Any CPU
		{E3445E33-87C3-4161-B5B7-5211743E1AF0}.Debug|Any CPU.Build.0 = Debug|Any CPU
		{E3445E33-87C3-4161-B5B7-5211743E1AF0}.Release|Any CPU.ActiveCfg = Release|Any CPU
		{E3445E33-87C3-4161-B5B7-5211743E1AF0}.Release|Any CPU.Build.0 = Release|Any CPU
		{8104B2C5-3063-4924-82FC-ACD046C34AD5}.Debug|Any CPU.ActiveCfg = Debug|Any CPU
		{8104B2C5-3063-4924-82FC-ACD046C34AD5}.Debug|Any CPU.Build.0 = Debug|Any CPU
		{8104B2C5-3063-4924-82FC-ACD046C34AD5}.Release|Any CPU.ActiveCfg = Release|Any CPU
		{8104B2C5-3063-4924-82FC-ACD046C34AD5}.Release|Any CPU.Build.0 = Release|Any CPU
		{4E996D12-1F9F-4CA0-9765-3949D538D3EB}.Debug|Any CPU.ActiveCfg = Debug|Any CPU
		{4E996D12-1F9F-4CA0-9765-3949D538D3EB}.Debug|Any CPU.Build.0 = Debug|Any CPU
		{4E996D12-1F9F-4CA0-9765-3949D538D3EB}.Release|Any CPU.ActiveCfg = Release|Any CPU
		{4E996D12-1F9F-4CA0-9765-3949D538D3EB}.Release|Any CPU.Build.0 = Release|Any CPU
		{AC0F5781-C7B5-4275-B571-2723C2EEBAB9}.Debug|Any CPU.ActiveCfg = Debug|Any CPU
		{AC0F5781-C7B5-4275-B571-2723C2EEBAB9}.Debug|Any CPU.Build.0 = Debug|Any CPU
		{AC0F5781-C7B5-4275-B571-2723C2EEBAB9}.Release|Any CPU.ActiveCfg = Release|Any CPU
		{AC0F5781-C7B5-4275-B571-2723C2EEBAB9}.Release|Any CPU.Build.0 = Release|Any CPU
		{494AF5B7-CA7B-4C57-9C06-60A6D42DB86B}.Debug|Any CPU.ActiveCfg = Debug|Any CPU
		{494AF5B7-CA7B-4C57-9C06-60A6D42DB86B}.Debug|Any CPU.Build.0 = Debug|Any CPU
		{494AF5B7-CA7B-4C57-9C06-60A6D42DB86B}.Release|Any CPU.ActiveCfg = Release|Any CPU
		{494AF5B7-CA7B-4C57-9C06-60A6D42DB86B}.Release|Any CPU.Build.0 = Release|Any CPU
		{27CDE586-54FA-4FAA-A177-D68758AE7B7F}.Debug|Any CPU.ActiveCfg = Debug|Any CPU
		{27CDE586-54FA-4FAA-A177-D68758AE7B7F}.Debug|Any CPU.Build.0 = Debug|Any CPU
		{27CDE586-54FA-4FAA-A177-D68758AE7B7F}.Release|Any CPU.ActiveCfg = Release|Any CPU
		{27CDE586-54FA-4FAA-A177-D68758AE7B7F}.Release|Any CPU.Build.0 = Release|Any CPU
		{41EFF7E2-AEA8-4242-85E3-6B20399698AA}.Debug|Any CPU.ActiveCfg = Debug|Any CPU
		{41EFF7E2-AEA8-4242-85E3-6B20399698AA}.Debug|Any CPU.Build.0 = Debug|Any CPU
		{41EFF7E2-AEA8-4242-85E3-6B20399698AA}.Release|Any CPU.ActiveCfg = Release|Any CPU
		{41EFF7E2-AEA8-4242-85E3-6B20399698AA}.Release|Any CPU.Build.0 = Release|Any CPU
		{B56D9E86-7EFC-4796-B002-7C29DF4356ED}.Debug|Any CPU.ActiveCfg = Debug|Any CPU
		{B56D9E86-7EFC-4796-B002-7C29DF4356ED}.Debug|Any CPU.Build.0 = Debug|Any CPU
		{B56D9E86-7EFC-4796-B002-7C29DF4356ED}.Release|Any CPU.ActiveCfg = Release|Any CPU
		{B56D9E86-7EFC-4796-B002-7C29DF4356ED}.Release|Any CPU.Build.0 = Release|Any CPU
		{46E8C217-1583-419A-B01B-C321F982CF96}.Debug|Any CPU.ActiveCfg = Debug|Any CPU
		{46E8C217-1583-419A-B01B-C321F982CF96}.Debug|Any CPU.Build.0 = Debug|Any CPU
		{46E8C217-1583-419A-B01B-C321F982CF96}.Release|Any CPU.ActiveCfg = Release|Any CPU
		{46E8C217-1583-419A-B01B-C321F982CF96}.Release|Any CPU.Build.0 = Release|Any CPU
		{CDD1BFEA-982B-47DC-8F3B-1980E62B4C06}.Debug|Any CPU.ActiveCfg = Debug|Any CPU
		{CDD1BFEA-982B-47DC-8F3B-1980E62B4C06}.Debug|Any CPU.Build.0 = Debug|Any CPU
		{CDD1BFEA-982B-47DC-8F3B-1980E62B4C06}.Release|Any CPU.ActiveCfg = Release|Any CPU
		{CDD1BFEA-982B-47DC-8F3B-1980E62B4C06}.Release|Any CPU.Build.0 = Release|Any CPU
		{521136D6-8358-40E3-9511-413FFAE038B0}.Debug|Any CPU.ActiveCfg = Debug|Any CPU
		{521136D6-8358-40E3-9511-413FFAE038B0}.Debug|Any CPU.Build.0 = Debug|Any CPU
		{521136D6-8358-40E3-9511-413FFAE038B0}.Release|Any CPU.ActiveCfg = Release|Any CPU
		{521136D6-8358-40E3-9511-413FFAE038B0}.Release|Any CPU.Build.0 = Release|Any CPU
		{1CA42830-5286-4123-9534-5E748B3EEC7B}.Debug|Any CPU.ActiveCfg = Debug|Any CPU
		{1CA42830-5286-4123-9534-5E748B3EEC7B}.Debug|Any CPU.Build.0 = Debug|Any CPU
		{1CA42830-5286-4123-9534-5E748B3EEC7B}.Release|Any CPU.ActiveCfg = Release|Any CPU
		{1CA42830-5286-4123-9534-5E748B3EEC7B}.Release|Any CPU.Build.0 = Release|Any CPU
		{3348C69A-F905-4E3E-89C4-0B00AF954330}.Debug|Any CPU.ActiveCfg = Debug|Any CPU
		{3348C69A-F905-4E3E-89C4-0B00AF954330}.Debug|Any CPU.Build.0 = Debug|Any CPU
		{3348C69A-F905-4E3E-89C4-0B00AF954330}.Release|Any CPU.ActiveCfg = Release|Any CPU
		{3348C69A-F905-4E3E-89C4-0B00AF954330}.Release|Any CPU.Build.0 = Release|Any CPU
		{FDB89ABC-350C-48D6-B5F2-B2DCF08DAA2F}.Debug|Any CPU.ActiveCfg = Debug|Any CPU
		{FDB89ABC-350C-48D6-B5F2-B2DCF08DAA2F}.Debug|Any CPU.Build.0 = Debug|Any CPU
		{FDB89ABC-350C-48D6-B5F2-B2DCF08DAA2F}.Release|Any CPU.ActiveCfg = Release|Any CPU
		{FDB89ABC-350C-48D6-B5F2-B2DCF08DAA2F}.Release|Any CPU.Build.0 = Release|Any CPU
		{8BAD6B8B-0BC4-4C0F-A834-38FB9ACB1A8A}.Debug|Any CPU.ActiveCfg = Debug|Any CPU
		{8BAD6B8B-0BC4-4C0F-A834-38FB9ACB1A8A}.Debug|Any CPU.Build.0 = Debug|Any CPU
		{8BAD6B8B-0BC4-4C0F-A834-38FB9ACB1A8A}.Release|Any CPU.ActiveCfg = Release|Any CPU
		{8BAD6B8B-0BC4-4C0F-A834-38FB9ACB1A8A}.Release|Any CPU.Build.0 = Release|Any CPU
		{E7E62347-A194-4219-81B8-DD70BC2C6480}.Debug|Any CPU.ActiveCfg = Debug|Any CPU
		{E7E62347-A194-4219-81B8-DD70BC2C6480}.Debug|Any CPU.Build.0 = Debug|Any CPU
		{E7E62347-A194-4219-81B8-DD70BC2C6480}.Release|Any CPU.ActiveCfg = Release|Any CPU
		{E7E62347-A194-4219-81B8-DD70BC2C6480}.Release|Any CPU.Build.0 = Release|Any CPU
		{B2D1FBE9-4D69-4E9F-81C1-7C80F264F2EC}.Debug|Any CPU.ActiveCfg = Debug|Any CPU
		{B2D1FBE9-4D69-4E9F-81C1-7C80F264F2EC}.Debug|Any CPU.Build.0 = Debug|Any CPU
		{B2D1FBE9-4D69-4E9F-81C1-7C80F264F2EC}.Release|Any CPU.ActiveCfg = Release|Any CPU
		{B2D1FBE9-4D69-4E9F-81C1-7C80F264F2EC}.Release|Any CPU.Build.0 = Release|Any CPU
		{2BE3CA36-51F1-4CC3-95A2-77AED7744E6F}.Debug|Any CPU.ActiveCfg = Debug|Any CPU
		{2BE3CA36-51F1-4CC3-95A2-77AED7744E6F}.Debug|Any CPU.Build.0 = Debug|Any CPU
		{2BE3CA36-51F1-4CC3-95A2-77AED7744E6F}.Release|Any CPU.ActiveCfg = Release|Any CPU
		{2BE3CA36-51F1-4CC3-95A2-77AED7744E6F}.Release|Any CPU.Build.0 = Release|Any CPU
		{BD429258-298C-43D6-8B42-F8E3C6408D23}.Debug|Any CPU.ActiveCfg = Debug|Any CPU
		{BD429258-298C-43D6-8B42-F8E3C6408D23}.Debug|Any CPU.Build.0 = Debug|Any CPU
		{BD429258-298C-43D6-8B42-F8E3C6408D23}.Release|Any CPU.ActiveCfg = Release|Any CPU
		{BD429258-298C-43D6-8B42-F8E3C6408D23}.Release|Any CPU.Build.0 = Release|Any CPU
		{F183BF9A-620C-49D4-8199-777A16D7D5C9}.Debug|Any CPU.ActiveCfg = Debug|Any CPU
		{F183BF9A-620C-49D4-8199-777A16D7D5C9}.Debug|Any CPU.Build.0 = Debug|Any CPU
		{F183BF9A-620C-49D4-8199-777A16D7D5C9}.Release|Any CPU.ActiveCfg = Release|Any CPU
		{F183BF9A-620C-49D4-8199-777A16D7D5C9}.Release|Any CPU.Build.0 = Release|Any CPU
		{20516F11-9222-41F1-96D3-7A793FE08FCE}.Debug|Any CPU.ActiveCfg = Debug|Any CPU
		{20516F11-9222-41F1-96D3-7A793FE08FCE}.Debug|Any CPU.Build.0 = Debug|Any CPU
		{20516F11-9222-41F1-96D3-7A793FE08FCE}.Release|Any CPU.ActiveCfg = Release|Any CPU
		{20516F11-9222-41F1-96D3-7A793FE08FCE}.Release|Any CPU.Build.0 = Release|Any CPU
		{57DE08ED-37BC-4125-AF4B-15DFD2666863}.Debug|Any CPU.ActiveCfg = Debug|Any CPU
		{57DE08ED-37BC-4125-AF4B-15DFD2666863}.Debug|Any CPU.Build.0 = Debug|Any CPU
		{57DE08ED-37BC-4125-AF4B-15DFD2666863}.Release|Any CPU.ActiveCfg = Release|Any CPU
		{57DE08ED-37BC-4125-AF4B-15DFD2666863}.Release|Any CPU.Build.0 = Release|Any CPU
		{87FE363B-665C-4536-98E8-F5C9D5D1D41F}.Debug|Any CPU.ActiveCfg = Debug|Any CPU
		{87FE363B-665C-4536-98E8-F5C9D5D1D41F}.Debug|Any CPU.Build.0 = Debug|Any CPU
		{87FE363B-665C-4536-98E8-F5C9D5D1D41F}.Release|Any CPU.ActiveCfg = Release|Any CPU
		{87FE363B-665C-4536-98E8-F5C9D5D1D41F}.Release|Any CPU.Build.0 = Release|Any CPU
		{8D8102EA-B17F-4284-8DD9-0DDE81E57CE6}.Debug|Any CPU.ActiveCfg = Debug|Any CPU
		{8D8102EA-B17F-4284-8DD9-0DDE81E57CE6}.Debug|Any CPU.Build.0 = Debug|Any CPU
		{8D8102EA-B17F-4284-8DD9-0DDE81E57CE6}.Release|Any CPU.ActiveCfg = Release|Any CPU
		{8D8102EA-B17F-4284-8DD9-0DDE81E57CE6}.Release|Any CPU.Build.0 = Release|Any CPU
		{51A1A86A-7D18-4F29-B80C-5E4916C40CF7}.Debug|Any CPU.ActiveCfg = Debug|Any CPU
		{51A1A86A-7D18-4F29-B80C-5E4916C40CF7}.Debug|Any CPU.Build.0 = Debug|Any CPU
		{51A1A86A-7D18-4F29-B80C-5E4916C40CF7}.Release|Any CPU.ActiveCfg = Release|Any CPU
		{51A1A86A-7D18-4F29-B80C-5E4916C40CF7}.Release|Any CPU.Build.0 = Release|Any CPU
		{8505320D-F2F5-4916-AB96-DADA76AFD2F4}.Debug|Any CPU.ActiveCfg = Debug|Any CPU
		{8505320D-F2F5-4916-AB96-DADA76AFD2F4}.Debug|Any CPU.Build.0 = Debug|Any CPU
		{8505320D-F2F5-4916-AB96-DADA76AFD2F4}.Release|Any CPU.ActiveCfg = Release|Any CPU
		{8505320D-F2F5-4916-AB96-DADA76AFD2F4}.Release|Any CPU.Build.0 = Release|Any CPU
		{444C3684-F9AD-4064-9988-F0811D5004C4}.Debug|Any CPU.ActiveCfg = Debug|Any CPU
		{444C3684-F9AD-4064-9988-F0811D5004C4}.Debug|Any CPU.Build.0 = Debug|Any CPU
		{444C3684-F9AD-4064-9988-F0811D5004C4}.Release|Any CPU.ActiveCfg = Release|Any CPU
		{444C3684-F9AD-4064-9988-F0811D5004C4}.Release|Any CPU.Build.0 = Release|Any CPU
		{98B218CE-F5CD-4E92-89D1-5D8D0AB5BA39}.Debug|Any CPU.ActiveCfg = Debug|Any CPU
		{98B218CE-F5CD-4E92-89D1-5D8D0AB5BA39}.Debug|Any CPU.Build.0 = Debug|Any CPU
		{98B218CE-F5CD-4E92-89D1-5D8D0AB5BA39}.Release|Any CPU.ActiveCfg = Release|Any CPU
		{98B218CE-F5CD-4E92-89D1-5D8D0AB5BA39}.Release|Any CPU.Build.0 = Release|Any CPU
		{6009CEFE-8189-4FE0-9C20-97302DDABE07}.Debug|Any CPU.ActiveCfg = Debug|Any CPU
		{6009CEFE-8189-4FE0-9C20-97302DDABE07}.Debug|Any CPU.Build.0 = Debug|Any CPU
		{6009CEFE-8189-4FE0-9C20-97302DDABE07}.Release|Any CPU.ActiveCfg = Release|Any CPU
		{6009CEFE-8189-4FE0-9C20-97302DDABE07}.Release|Any CPU.Build.0 = Release|Any CPU
		{E4F3D959-0A10-4139-BA7E-2C8486CD40EE}.Debug|Any CPU.ActiveCfg = Debug|Any CPU
		{E4F3D959-0A10-4139-BA7E-2C8486CD40EE}.Debug|Any CPU.Build.0 = Debug|Any CPU
		{E4F3D959-0A10-4139-BA7E-2C8486CD40EE}.Release|Any CPU.ActiveCfg = Release|Any CPU
		{E4F3D959-0A10-4139-BA7E-2C8486CD40EE}.Release|Any CPU.Build.0 = Release|Any CPU
		{C8BE2AC1-5F50-4E64-9515-8E88CDAF845E}.Debug|Any CPU.ActiveCfg = Debug|Any CPU
		{C8BE2AC1-5F50-4E64-9515-8E88CDAF845E}.Debug|Any CPU.Build.0 = Debug|Any CPU
		{C8BE2AC1-5F50-4E64-9515-8E88CDAF845E}.Release|Any CPU.ActiveCfg = Release|Any CPU
		{C8BE2AC1-5F50-4E64-9515-8E88CDAF845E}.Release|Any CPU.Build.0 = Release|Any CPU
		{6873AAB2-CEEF-4788-B685-D11EF2F7F375}.Debug|Any CPU.ActiveCfg = Debug|Any CPU
		{6873AAB2-CEEF-4788-B685-D11EF2F7F375}.Debug|Any CPU.Build.0 = Debug|Any CPU
		{6873AAB2-CEEF-4788-B685-D11EF2F7F375}.Release|Any CPU.ActiveCfg = Release|Any CPU
		{6873AAB2-CEEF-4788-B685-D11EF2F7F375}.Release|Any CPU.Build.0 = Release|Any CPU
		{A0510CAF-0FB6-4F14-B8B2-8849021BF390}.Debug|Any CPU.ActiveCfg = Debug|Any CPU
		{A0510CAF-0FB6-4F14-B8B2-8849021BF390}.Debug|Any CPU.Build.0 = Debug|Any CPU
		{A0510CAF-0FB6-4F14-B8B2-8849021BF390}.Release|Any CPU.ActiveCfg = Release|Any CPU
		{A0510CAF-0FB6-4F14-B8B2-8849021BF390}.Release|Any CPU.Build.0 = Release|Any CPU
		{0C2566D1-4081-4281-88B4-25D0EB52AFC9}.Debug|Any CPU.ActiveCfg = Debug|Any CPU
		{0C2566D1-4081-4281-88B4-25D0EB52AFC9}.Debug|Any CPU.Build.0 = Debug|Any CPU
		{0C2566D1-4081-4281-88B4-25D0EB52AFC9}.Release|Any CPU.ActiveCfg = Release|Any CPU
		{0C2566D1-4081-4281-88B4-25D0EB52AFC9}.Release|Any CPU.Build.0 = Release|Any CPU
		{3BCCDA57-F380-4061-B6E0-0C71069869B7}.Debug|Any CPU.ActiveCfg = Debug|Any CPU
		{3BCCDA57-F380-4061-B6E0-0C71069869B7}.Debug|Any CPU.Build.0 = Debug|Any CPU
		{3BCCDA57-F380-4061-B6E0-0C71069869B7}.Release|Any CPU.ActiveCfg = Release|Any CPU
		{3BCCDA57-F380-4061-B6E0-0C71069869B7}.Release|Any CPU.Build.0 = Release|Any CPU
		{BF22C5F6-51B4-4910-AC69-BD84906C8B15}.Debug|Any CPU.ActiveCfg = Debug|Any CPU
		{BF22C5F6-51B4-4910-AC69-BD84906C8B15}.Debug|Any CPU.Build.0 = Debug|Any CPU
		{BF22C5F6-51B4-4910-AC69-BD84906C8B15}.Release|Any CPU.ActiveCfg = Release|Any CPU
		{BF22C5F6-51B4-4910-AC69-BD84906C8B15}.Release|Any CPU.Build.0 = Release|Any CPU
		{C1B399DE-35D7-4F36-ADE3-CB7FDD8A1BFD}.Debug|Any CPU.ActiveCfg = Debug|Any CPU
		{C1B399DE-35D7-4F36-ADE3-CB7FDD8A1BFD}.Debug|Any CPU.Build.0 = Debug|Any CPU
		{C1B399DE-35D7-4F36-ADE3-CB7FDD8A1BFD}.Release|Any CPU.ActiveCfg = Release|Any CPU
		{C1B399DE-35D7-4F36-ADE3-CB7FDD8A1BFD}.Release|Any CPU.Build.0 = Release|Any CPU
		{D944E985-8DF5-4629-BC0E-5AF82BAC6555}.Debug|Any CPU.ActiveCfg = Debug|Any CPU
		{D944E985-8DF5-4629-BC0E-5AF82BAC6555}.Debug|Any CPU.Build.0 = Debug|Any CPU
		{D944E985-8DF5-4629-BC0E-5AF82BAC6555}.Release|Any CPU.ActiveCfg = Release|Any CPU
		{D944E985-8DF5-4629-BC0E-5AF82BAC6555}.Release|Any CPU.Build.0 = Release|Any CPU
	EndGlobalSection
	GlobalSection(NestedProjects) = preSolution
		{128A9F3B-4D1A-4A93-A0EC-2426770786AC} = {24007BE7-AE6D-46D3-B37A-522FE3EF0D9C}
		{3718B2D4-51F6-40AC-8360-6635988D47DE} = {24007BE7-AE6D-46D3-B37A-522FE3EF0D9C}
		{CEC7CE2F-45F1-4BBB-B1D0-E7BCAFEADB7D} = {3718B2D4-51F6-40AC-8360-6635988D47DE}
		{D676A27F-C4A4-4741-A513-045762808A8C} = {128A9F3B-4D1A-4A93-A0EC-2426770786AC}
		{1A65C5FA-3121-4737-B49D-73920F76EC2F} = {128A9F3B-4D1A-4A93-A0EC-2426770786AC}
		{F5EDC1BA-0974-48C7-8628-DCE5AFC484FF} = {128A9F3B-4D1A-4A93-A0EC-2426770786AC}
		{45BFA704-C089-4EB3-BE40-18ADD0617E82} = {128A9F3B-4D1A-4A93-A0EC-2426770786AC}
		{DDE15ED7-21D6-4AC1-8536-B833DA144125} = {24007BE7-AE6D-46D3-B37A-522FE3EF0D9C}
		{DBE7C5CA-24A4-4277-8F46-8043EE66C167} = {DDE15ED7-21D6-4AC1-8536-B833DA144125}
		{EFED1D76-F469-42BE-AB4A-2C99C48F786E} = {DBE7C5CA-24A4-4277-8F46-8043EE66C167}
		{80277236-416A-4B1C-B32E-01AADF1552D0} = {DBE7C5CA-24A4-4277-8F46-8043EE66C167}
		{CDF2D307-FB11-48E5-AA9A-233CBC6DDA2B} = {DBE7C5CA-24A4-4277-8F46-8043EE66C167}
		{1A979A22-F861-4AF7-A575-864325889FB3} = {24007BE7-AE6D-46D3-B37A-522FE3EF0D9C}
		{55B203CA-1BAD-485E-9828-C9B59187C013} = {1A979A22-F861-4AF7-A575-864325889FB3}
		{FAD49603-31FE-4551-8FF7-538768E20D5B} = {128A9F3B-4D1A-4A93-A0EC-2426770786AC}
		{7AA6C4E7-1F7A-4AAF-B70B-730A237D1F24} = {DBE7C5CA-24A4-4277-8F46-8043EE66C167}
		{F85D0FF6-1C8E-4C54-97C0-39412D6933AE} = {128A9F3B-4D1A-4A93-A0EC-2426770786AC}
		{D2C34FAF-06AD-4A88-A506-7628A66DFE2D} = {128A9F3B-4D1A-4A93-A0EC-2426770786AC}
		{E1444F75-80F2-4C62-9100-E5A69836AC1A} = {065EDAE0-BA88-43B0-8C19-0A1221AA7B09}
		{E77EDC83-6ED1-424E-A7BA-2E0E62C75DDD} = {F392701E-51BD-4568-8747-EEB6210D34B1}
		{E3445E33-87C3-4161-B5B7-5211743E1AF0} = {E77EDC83-6ED1-424E-A7BA-2E0E62C75DDD}
		{8104B2C5-3063-4924-82FC-ACD046C34AD5} = {E77EDC83-6ED1-424E-A7BA-2E0E62C75DDD}
		{4E996D12-1F9F-4CA0-9765-3949D538D3EB} = {F392701E-51BD-4568-8747-EEB6210D34B1}
		{03224059-6B92-42A6-83E1-3BB844A1464E} = {DBE7C5CA-24A4-4277-8F46-8043EE66C167}
		{AC0F5781-C7B5-4275-B571-2723C2EEBAB9} = {E77EDC83-6ED1-424E-A7BA-2E0E62C75DDD}
		{494AF5B7-CA7B-4C57-9C06-60A6D42DB86B} = {E77EDC83-6ED1-424E-A7BA-2E0E62C75DDD}
		{27CDE586-54FA-4FAA-A177-D68758AE7B7F} = {E77EDC83-6ED1-424E-A7BA-2E0E62C75DDD}
		{41EFF7E2-AEA8-4242-85E3-6B20399698AA} = {E77EDC83-6ED1-424E-A7BA-2E0E62C75DDD}
		{B56D9E86-7EFC-4796-B002-7C29DF4356ED} = {E77EDC83-6ED1-424E-A7BA-2E0E62C75DDD}
		{46E8C217-1583-419A-B01B-C321F982CF96} = {128A9F3B-4D1A-4A93-A0EC-2426770786AC}
		{35FD8FD9-0651-4902-85A2-2EB724D0C2FE} = {DBE7C5CA-24A4-4277-8F46-8043EE66C167}
		{64F2EE35-47B2-45E2-8ADE-D989156D68DE} = {DDE15ED7-21D6-4AC1-8536-B833DA144125}
		{CDD1BFEA-982B-47DC-8F3B-1980E62B4C06} = {CEC7CE2F-45F1-4BBB-B1D0-E7BCAFEADB7D}
		{521136D6-8358-40E3-9511-413FFAE038B0} = {CEC7CE2F-45F1-4BBB-B1D0-E7BCAFEADB7D}
		{1CA42830-5286-4123-9534-5E748B3EEC7B} = {CEC7CE2F-45F1-4BBB-B1D0-E7BCAFEADB7D}
		{3348C69A-F905-4E3E-89C4-0B00AF954330} = {CEC7CE2F-45F1-4BBB-B1D0-E7BCAFEADB7D}
		{FDB89ABC-350C-48D6-B5F2-B2DCF08DAA2F} = {CEC7CE2F-45F1-4BBB-B1D0-E7BCAFEADB7D}
		{8BAD6B8B-0BC4-4C0F-A834-38FB9ACB1A8A} = {CEC7CE2F-45F1-4BBB-B1D0-E7BCAFEADB7D}
		{E7E62347-A194-4219-81B8-DD70BC2C6480} = {7AA6C4E7-1F7A-4AAF-B70B-730A237D1F24}
		{B2D1FBE9-4D69-4E9F-81C1-7C80F264F2EC} = {DBE7C5CA-24A4-4277-8F46-8043EE66C167}
		{2BE3CA36-51F1-4CC3-95A2-77AED7744E6F} = {DBE7C5CA-24A4-4277-8F46-8043EE66C167}
		{BD429258-298C-43D6-8B42-F8E3C6408D23} = {DBE7C5CA-24A4-4277-8F46-8043EE66C167}
		{F183BF9A-620C-49D4-8199-777A16D7D5C9} = {DBE7C5CA-24A4-4277-8F46-8043EE66C167}
		{20516F11-9222-41F1-96D3-7A793FE08FCE} = {80277236-416A-4B1C-B32E-01AADF1552D0}
		{57DE08ED-37BC-4125-AF4B-15DFD2666863} = {80277236-416A-4B1C-B32E-01AADF1552D0}
		{87FE363B-665C-4536-98E8-F5C9D5D1D41F} = {80277236-416A-4B1C-B32E-01AADF1552D0}
		{8D8102EA-B17F-4284-8DD9-0DDE81E57CE6} = {03224059-6B92-42A6-83E1-3BB844A1464E}
		{51A1A86A-7D18-4F29-B80C-5E4916C40CF7} = {EFED1D76-F469-42BE-AB4A-2C99C48F786E}
		{8505320D-F2F5-4916-AB96-DADA76AFD2F4} = {EFED1D76-F469-42BE-AB4A-2C99C48F786E}
		{444C3684-F9AD-4064-9988-F0811D5004C4} = {EFED1D76-F469-42BE-AB4A-2C99C48F786E}
		{98B218CE-F5CD-4E92-89D1-5D8D0AB5BA39} = {35FD8FD9-0651-4902-85A2-2EB724D0C2FE}
		{6009CEFE-8189-4FE0-9C20-97302DDABE07} = {CDF2D307-FB11-48E5-AA9A-233CBC6DDA2B}
		{E4F3D959-0A10-4139-BA7E-2C8486CD40EE} = {64F2EE35-47B2-45E2-8ADE-D989156D68DE}
		{C8BE2AC1-5F50-4E64-9515-8E88CDAF845E} = {64F2EE35-47B2-45E2-8ADE-D989156D68DE}
		{6873AAB2-CEEF-4788-B685-D11EF2F7F375} = {64F2EE35-47B2-45E2-8ADE-D989156D68DE}
		{A0510CAF-0FB6-4F14-B8B2-8849021BF390} = {64F2EE35-47B2-45E2-8ADE-D989156D68DE}
		{0C2566D1-4081-4281-88B4-25D0EB52AFC9} = {64F2EE35-47B2-45E2-8ADE-D989156D68DE}
		{3BCCDA57-F380-4061-B6E0-0C71069869B7} = {64F2EE35-47B2-45E2-8ADE-D989156D68DE}
		{5E7CB603-D617-4A7E-BE83-CCF76DAA5914} = {F392701E-51BD-4568-8747-EEB6210D34B1}
		{E9BD53AF-12FF-444F-8485-B7DB8A4E1506} = {5E7CB603-D617-4A7E-BE83-CCF76DAA5914}
		{BF22C5F6-51B4-4910-AC69-BD84906C8B15} = {E9BD53AF-12FF-444F-8485-B7DB8A4E1506}
		{C1B399DE-35D7-4F36-ADE3-CB7FDD8A1BFD} = {E9BD53AF-12FF-444F-8485-B7DB8A4E1506}
		{D944E985-8DF5-4629-BC0E-5AF82BAC6555} = {E9BD53AF-12FF-444F-8485-B7DB8A4E1506}
	EndGlobalSection
EndGlobal
