
Microsoft Visual Studio Solution File, Format Version 12.00
Project("{2150E333-8FDC-42A3-9474-1A3956D46DE8}") = "src", "src", "{24007BE7-AE6D-46D3-B37A-522FE3EF0D9C}"
EndProject
Project("{2150E333-8FDC-42A3-9474-1A3956D46DE8}") = "tests", "tests", "{F392701E-51BD-4568-8747-EEB6210D34B1}"
EndProject
Project("{2150E333-8FDC-42A3-9474-1A3956D46DE8}") = "core", "core", "{128A9F3B-4D1A-4A93-A0EC-2426770786AC}"
EndProject
Project("{2150E333-8FDC-42A3-9474-1A3956D46DE8}") = "services", "services", "{3718B2D4-51F6-40AC-8360-6635988D47DE}"
EndProject
Project("{2150E333-8FDC-42A3-9474-1A3956D46DE8}") = "hermes", "hermes", "{CEC7CE2F-45F1-4BBB-B1D0-E7BCAFEADB7D}"
	ProjectSection(SolutionItems) = preProject
		src\services\hermes\Dockerfile = src\services\hermes\Dockerfile
	EndProjectSection
EndProject
Project("{2150E333-8FDC-42A3-9474-1A3956D46DE8}") = "plutus", "plutus", "{64F2EE35-47B2-45E2-8ADE-D989156D68DE}"
	ProjectSection(SolutionItems) = preProject
		src\services\plutus\Dockerfile = src\services\plutus\Dockerfile
	EndProjectSection
EndProject
Project("{FAE04EC0-301F-11D3-BF4B-00C04F79EFBC}") = "Ouranos.Pantheon.Service.Hermes.API", "src\services\hermes\Ouranos.Pantheon.Service.Hermes.API\Ouranos.Pantheon.Service.Hermes.API.csproj", "{DF3245BD-7D2E-4972-846E-473AE4046FB6}"
EndProject
Project("{FAE04EC0-301F-11D3-BF4B-00C04F79EFBC}") = "Ouranos.Pantheon.Service.Hermes.Application", "src\services\hermes\Ouranos.Pantheon.Service.Hermes.Application\Ouranos.Pantheon.Service.Hermes.Application.csproj", "{FA83243E-89E1-43BC-AA6C-6BAE88F847F7}"
EndProject
Project("{FAE04EC0-301F-11D3-BF4B-00C04F79EFBC}") = "Ouranos.Pantheon.Service.Hermes.Domain", "src\services\hermes\Ouranos.Pantheon.Service.Hermes.Domain\Ouranos.Pantheon.Service.Hermes.Domain.csproj", "{96B239B6-E37A-497B-81A8-70156DD0C5FB}"
EndProject
Project("{FAE04EC0-301F-11D3-BF4B-00C04F79EFBC}") = "Ouranos.Pantheon.Service.Hermes.Infra.OuranosMl", "src\services\hermes\Ouranos.Pantheon.Service.Hermes.Infra.OuranosMl\Ouranos.Pantheon.Service.Hermes.Infra.OuranosMl.csproj", "{F063E7F9-5853-4E42-853E-8C3E9C9A7CC5}"
EndProject
Project("{FAE04EC0-301F-11D3-BF4B-00C04F79EFBC}") = "Ouranos.Pantheon.Service.Plutus.API", "src\services\plutus\Ouranos.Pantheon.Service.Plutus.API\Ouranos.Pantheon.Service.Plutus.API.csproj", "{7259D26F-9BF6-423E-ACB2-0383CD130E6E}"
EndProject
Project("{FAE04EC0-301F-11D3-BF4B-00C04F79EFBC}") = "Ouranos.Pantheon.Service.Plutus.Application", "src\services\plutus\Ouranos.Pantheon.Service.Plutus.Application\Ouranos.Pantheon.Service.Plutus.Application.csproj", "{D815CA66-CFEB-40B9-A74D-0525A4FFEB6B}"
EndProject
Project("{FAE04EC0-301F-11D3-BF4B-00C04F79EFBC}") = "Ouranos.Pantheon.Service.Plutus.Domain", "src\services\plutus\Ouranos.Pantheon.Service.Plutus.Domain\Ouranos.Pantheon.Service.Plutus.Domain.csproj", "{334A2086-7DAE-4F17-B625-AFB4F461CC3B}"
EndProject
Project("{FAE04EC0-301F-11D3-BF4B-00C04F79EFBC}") = "Ouranos.Pantheon.Service.Plutus.Infra.Mongo", "src\services\plutus\Ouranos.Pantheon.Service.Plutus.Infra.Mongo\Ouranos.Pantheon.Service.Plutus.Infra.Mongo.csproj", "{E99980D6-17D0-4618-BF7A-4120E52CBAA4}"
EndProject
Project("{FAE04EC0-301F-11D3-BF4B-00C04F79EFBC}") = "Ouranos.Pantheon.Core.API", "src\core\Ouranos.Pantheon.Core.API\Ouranos.Pantheon.Core.API.csproj", "{D676A27F-C4A4-4741-A513-045762808A8C}"
EndProject
Project("{FAE04EC0-301F-11D3-BF4B-00C04F79EFBC}") = "Ouranos.Pantheon.Core.Application", "src\core\Ouranos.Pantheon.Core.Application\Ouranos.Pantheon.Core.Application.csproj", "{1A65C5FA-3121-4737-B49D-73920F76EC2F}"
EndProject
Project("{FAE04EC0-301F-11D3-BF4B-00C04F79EFBC}") = "Ouranos.Pantheon.Core.Domain", "src\core\Ouranos.Pantheon.Core.Domain\Ouranos.Pantheon.Core.Domain.csproj", "{F5EDC1BA-0974-48C7-8628-DCE5AFC484FF}"
EndProject
Project("{FAE04EC0-301F-11D3-BF4B-00C04F79EFBC}") = "Ouranos.Pantheon.Core.Infra.Mongo", "src\core\Ouranos.Pantheon.Core.Infra.Mongo\Ouranos.Pantheon.Core.Infra.Mongo.csproj", "{45BFA704-C089-4EB3-BE40-18ADD0617E82}"
EndProject
Project("{2150E333-8FDC-42A3-9474-1A3956D46DE8}") = "Solution Items", "Solution Items", "{17150C3E-ECED-431E-8CE0-774603C5A4BB}"
	ProjectSection(SolutionItems) = preProject
		.editorconfig = .editorconfig
		.gitignore = .gitignore
		Directory.Build.props = Directory.Build.props
		.gitlab-ci.yml = .gitlab-ci.yml
	EndProjectSection
EndProject
Project("{2150E333-8FDC-42A3-9474-1A3956D46DE8}") = "data-loaders", "data-loaders", "{DDE15ED7-21D6-4AC1-8536-B833DA144125}"
EndProject
Project("{2150E333-8FDC-42A3-9474-1A3956D46DE8}") = "plutus", "plutus", "{DBE7C5CA-24A4-4277-8F46-8043EE66C167}"
EndProject
Project("{2150E333-8FDC-42A3-9474-1A3956D46DE8}") = "osrs", "osrs", "{EFED1D76-F469-42BE-AB4A-2C99C48F786E}"
EndProject
Project("{2150E333-8FDC-42A3-9474-1A3956D46DE8}") = "ffxiv", "ffxiv", "{80277236-416A-4B1C-B32E-01AADF1552D0}"
EndProject
Project("{2150E333-8FDC-42A3-9474-1A3956D46DE8}") = "alpaca", "alpaca", "{CDF2D307-FB11-48E5-AA9A-233CBC6DDA2B}"
EndProject
Project("{2150E333-8FDC-42A3-9474-1A3956D46DE8}") = "gateway", "gateway", "{1A979A22-F861-4AF7-A575-864325889FB3}"
	ProjectSection(SolutionItems) = preProject
		src\gateway\Dockerfile = src\gateway\Dockerfile
	EndProjectSection
EndProject
Project("{FAE04EC0-301F-11D3-BF4B-00C04F79EFBC}") = "Ouranos.Pantheon.Gateway.API", "src\gateway\Ouranos.Pantheon.Gateway.API\Ouranos.Pantheon.Gateway.API.csproj", "{55B203CA-1BAD-485E-9828-C9B59187C013}"
EndProject
Project("{2150E333-8FDC-42A3-9474-1A3956D46DE8}") = "automation", "automation", "{E0913C48-3A0F-485E-967D-10D82EEA01F7}"
	ProjectSection(SolutionItems) = preProject
		automation\pre-commit = automation\pre-commit
		automation\pre-push = automation\pre-push
	EndProjectSection
EndProject
Project("{FAE04EC0-301F-11D3-BF4B-00C04F79EFBC}") = "Ouranos.Pantheon.Core.Infra.OuranosMl", "src\core\Ouranos.Pantheon.Core.Infra.OuranosMl\Ouranos.Pantheon.Core.Infra.OuranosMl.csproj", "{FAD49603-31FE-4551-8FF7-538768E20D5B}"
EndProject
Project("{FAE04EC0-301F-11D3-BF4B-00C04F79EFBC}") = "Ouranos.Pantheon.Core.Infra.RabbitMq", "src\core\Ouranos.Pantheon.Core.Infra.RabbitMq\Ouranos.Pantheon.Core.Infra.RabbitMq.csproj", "{E3E76A67-F5A8-410B-B92C-1CCD54336070}"
EndProject
Project("{2150E333-8FDC-42A3-9474-1A3956D46DE8}") = "consumer", "consumer", "{7AA6C4E7-1F7A-4AAF-B70B-730A237D1F24}"
EndProject
Project("{FAE04EC0-301F-11D3-BF4B-00C04F79EFBC}") = "Ouranos.Pantheon.DataLoader.Plutus.Domain", "src\data-loaders\plutus\Ouranos.Pantheon.DataLoader.Plutus.Domain\Ouranos.Pantheon.DataLoader.Plutus.Domain.csproj", "{B5290E6D-0B48-4AE3-9E5D-5E87DD6F850A}"
EndProject
Project("{FAE04EC0-301F-11D3-BF4B-00C04F79EFBC}") = "Ouranos.Pantheon.DataLoader.Plutus.Osrs.Infra.OsrsWiki", "src\data-loaders\plutus\osrs\Ouranos.Pantheon.DataLoader.Plutus.Osrs.Infra.OsrsWiki\Ouranos.Pantheon.DataLoader.Plutus.Osrs.Infra.OsrsWiki.csproj", "{A10F7EC0-E6F6-4F3A-9135-9212C3EEA007}"
EndProject
Project("{FAE04EC0-301F-11D3-BF4B-00C04F79EFBC}") = "Ouranos.Pantheon.DataLoader.Plutus.Osrs.Application", "src\data-loaders\plutus\osrs\Ouranos.Pantheon.DataLoader.Plutus.Osrs.Application\Ouranos.Pantheon.DataLoader.Plutus.Osrs.Application.csproj", "{3C55CE99-A32F-4EDF-A0DA-82C23556A3EA}"
EndProject
Project("{FAE04EC0-301F-11D3-BF4B-00C04F79EFBC}") = "Ouranos.Pantheon.DataLoader.Plutus.Consumer.Application", "src\data-loaders\plutus\consumer\Ouranos.Pantheon.DataLoader.Plutus.Consumer.Application\Ouranos.Pantheon.DataLoader.Plutus.Consumer.Application.csproj", "{D63BF481-91BF-425D-BACF-6104956501AA}"
EndProject
Project("{FAE04EC0-301F-11D3-BF4B-00C04F79EFBC}") = "Ouranos.Pantheon.DataLoader.Plutus.Ffxiv.Worker", "src\data-loaders\plutus\ffxiv\Ouranos.Pantheon.DataLoader.Plutus.Ffxiv.Worker\Ouranos.Pantheon.DataLoader.Plutus.Ffxiv.Worker.csproj", "{DD071252-7737-4523-B9DC-BD609255D1C6}"
EndProject
Project("{FAE04EC0-301F-11D3-BF4B-00C04F79EFBC}") = "Ouranos.Pantheon.Core.WebSockets", "src\core\Ouranos.Pantheon.Core.WebSockets\Ouranos.Pantheon.Core.WebSockets.csproj", "{F85D0FF6-1C8E-4C54-97C0-39412D6933AE}"
EndProject
Project("{FAE04EC0-301F-11D3-BF4B-00C04F79EFBC}") = "Ouranos.Pantheon.DataLoader.Plutus.Ffxiv.Infra.Universalis", "src\data-loaders\plutus\ffxiv\Ouranos.Pantheon.DataLoader.Plutus.Ffxiv.Infra.Universalis\Ouranos.Pantheon.DataLoader.Plutus.Ffxiv.Infra.Universalis.csproj", "{1D48E28F-6E21-41F1-BCDA-44CB7D4B15D0}"
EndProject
Project("{FAE04EC0-301F-11D3-BF4B-00C04F79EFBC}") = "Ouranos.Pantheon.DataLoader.Plutus.Ffxiv.Application", "src\data-loaders\plutus\ffxiv\Ouranos.Pantheon.DataLoader.Plutus.Ffxiv.Application\Ouranos.Pantheon.DataLoader.Plutus.Ffxiv.Application.csproj", "{D53B1DA0-C0C7-43EB-B224-4853CF892290}"
EndProject
Project("{FAE04EC0-301F-11D3-BF4B-00C04F79EFBC}") = "Ouranos.Pantheon.DataLoader.Plutus.Ffxiv.Infra.XivApi", "src\data-loaders\plutus\ffxiv\Ouranos.Pantheon.DataLoader.Plutus.Ffxiv.Infra.XivApi\Ouranos.Pantheon.DataLoader.Plutus.Ffxiv.Infra.XivApi.csproj", "{3B5F9817-6DA4-429C-B741-C581A1823758}"
EndProject
Project("{FAE04EC0-301F-11D3-BF4B-00C04F79EFBC}") = "Ouranos.Pantheon.DataLoader.Plutus.Infra.RabbitMq", "src\data-loaders\plutus\Ouranos.Pantheon.DataLoader.Plutus.Infra.RabbitMq\Ouranos.Pantheon.DataLoader.Plutus.Infra.RabbitMq.csproj", "{45F3D1D6-DEF7-4C94-AA22-8B6496BF451A}"
EndProject
Project("{FAE04EC0-301F-11D3-BF4B-00C04F79EFBC}") = "Ouranos.Pantheon.DataLoader.Plutus.Application", "src\data-loaders\plutus\Ouranos.Pantheon.DataLoader.Plutus.Application\Ouranos.Pantheon.DataLoader.Plutus.Application.csproj", "{49A9A454-BE5B-4FF0-B2F5-628A93530C9C}"
EndProject
Project("{FAE04EC0-301F-11D3-BF4B-00C04F79EFBC}") = "Ouranos.Pantheon.DataLoader.Plutus.Consumer", "src\data-loaders\plutus\consumer\Ouranos.Pantheon.DataLoader.Plutus.Consumer\Ouranos.Pantheon.DataLoader.Plutus.Consumer.csproj", "{C1AF6CDF-6BB9-4563-BD19-A99C29FBF2FF}"
EndProject
Project("{FAE04EC0-301F-11D3-BF4B-00C04F79EFBC}") = "Ouranos.Pantheon.DataLoader.Plutus.Osrs.Worker", "src\data-loaders\plutus\osrs\Ouranos.Pantheon.DataLoader.Plutus.Osrs.Worker\Ouranos.Pantheon.DataLoader.Plutus.Osrs.Worker.csproj", "{FDC8FA7F-9B3C-41C8-897D-0054DEA1560E}"
EndProject
Global
	GlobalSection(SolutionConfigurationPlatforms) = preSolution
		Debug|Any CPU = Debug|Any CPU
		Release|Any CPU = Release|Any CPU
	EndGlobalSection
	GlobalSection(ProjectConfigurationPlatforms) = postSolution
		{DF3245BD-7D2E-4972-846E-473AE4046FB6}.Debug|Any CPU.ActiveCfg = Debug|Any CPU
		{DF3245BD-7D2E-4972-846E-473AE4046FB6}.Debug|Any CPU.Build.0 = Debug|Any CPU
		{DF3245BD-7D2E-4972-846E-473AE4046FB6}.Release|Any CPU.ActiveCfg = Release|Any CPU
		{DF3245BD-7D2E-4972-846E-473AE4046FB6}.Release|Any CPU.Build.0 = Release|Any CPU
		{FA83243E-89E1-43BC-AA6C-6BAE88F847F7}.Debug|Any CPU.ActiveCfg = Debug|Any CPU
		{FA83243E-89E1-43BC-AA6C-6BAE88F847F7}.Debug|Any CPU.Build.0 = Debug|Any CPU
		{FA83243E-89E1-43BC-AA6C-6BAE88F847F7}.Release|Any CPU.ActiveCfg = Release|Any CPU
		{FA83243E-89E1-43BC-AA6C-6BAE88F847F7}.Release|Any CPU.Build.0 = Release|Any CPU
		{96B239B6-E37A-497B-81A8-70156DD0C5FB}.Debug|Any CPU.ActiveCfg = Debug|Any CPU
		{96B239B6-E37A-497B-81A8-70156DD0C5FB}.Debug|Any CPU.Build.0 = Debug|Any CPU
		{96B239B6-E37A-497B-81A8-70156DD0C5FB}.Release|Any CPU.ActiveCfg = Release|Any CPU
		{96B239B6-E37A-497B-81A8-70156DD0C5FB}.Release|Any CPU.Build.0 = Release|Any CPU
		{F063E7F9-5853-4E42-853E-8C3E9C9A7CC5}.Debug|Any CPU.ActiveCfg = Debug|Any CPU
		{F063E7F9-5853-4E42-853E-8C3E9C9A7CC5}.Debug|Any CPU.Build.0 = Debug|Any CPU
		{F063E7F9-5853-4E42-853E-8C3E9C9A7CC5}.Release|Any CPU.ActiveCfg = Release|Any CPU
		{F063E7F9-5853-4E42-853E-8C3E9C9A7CC5}.Release|Any CPU.Build.0 = Release|Any CPU
		{7259D26F-9BF6-423E-ACB2-0383CD130E6E}.Debug|Any CPU.ActiveCfg = Debug|Any CPU
		{7259D26F-9BF6-423E-ACB2-0383CD130E6E}.Debug|Any CPU.Build.0 = Debug|Any CPU
		{7259D26F-9BF6-423E-ACB2-0383CD130E6E}.Release|Any CPU.ActiveCfg = Release|Any CPU
		{7259D26F-9BF6-423E-ACB2-0383CD130E6E}.Release|Any CPU.Build.0 = Release|Any CPU
		{D815CA66-CFEB-40B9-A74D-0525A4FFEB6B}.Debug|Any CPU.ActiveCfg = Debug|Any CPU
		{D815CA66-CFEB-40B9-A74D-0525A4FFEB6B}.Debug|Any CPU.Build.0 = Debug|Any CPU
		{D815CA66-CFEB-40B9-A74D-0525A4FFEB6B}.Release|Any CPU.ActiveCfg = Release|Any CPU
		{D815CA66-CFEB-40B9-A74D-0525A4FFEB6B}.Release|Any CPU.Build.0 = Release|Any CPU
		{334A2086-7DAE-4F17-B625-AFB4F461CC3B}.Debug|Any CPU.ActiveCfg = Debug|Any CPU
		{334A2086-7DAE-4F17-B625-AFB4F461CC3B}.Debug|Any CPU.Build.0 = Debug|Any CPU
		{334A2086-7DAE-4F17-B625-AFB4F461CC3B}.Release|Any CPU.ActiveCfg = Release|Any CPU
		{334A2086-7DAE-4F17-B625-AFB4F461CC3B}.Release|Any CPU.Build.0 = Release|Any CPU
		{E99980D6-17D0-4618-BF7A-4120E52CBAA4}.Debug|Any CPU.ActiveCfg = Debug|Any CPU
		{E99980D6-17D0-4618-BF7A-4120E52CBAA4}.Debug|Any CPU.Build.0 = Debug|Any CPU
		{E99980D6-17D0-4618-BF7A-4120E52CBAA4}.Release|Any CPU.ActiveCfg = Release|Any CPU
		{E99980D6-17D0-4618-BF7A-4120E52CBAA4}.Release|Any CPU.Build.0 = Release|Any CPU
		{D676A27F-C4A4-4741-A513-045762808A8C}.Debug|Any CPU.ActiveCfg = Debug|Any CPU
		{D676A27F-C4A4-4741-A513-045762808A8C}.Debug|Any CPU.Build.0 = Debug|Any CPU
		{D676A27F-C4A4-4741-A513-045762808A8C}.Release|Any CPU.ActiveCfg = Release|Any CPU
		{D676A27F-C4A4-4741-A513-045762808A8C}.Release|Any CPU.Build.0 = Release|Any CPU
		{1A65C5FA-3121-4737-B49D-73920F76EC2F}.Debug|Any CPU.ActiveCfg = Debug|Any CPU
		{1A65C5FA-3121-4737-B49D-73920F76EC2F}.Debug|Any CPU.Build.0 = Debug|Any CPU
		{1A65C5FA-3121-4737-B49D-73920F76EC2F}.Release|Any CPU.ActiveCfg = Release|Any CPU
		{1A65C5FA-3121-4737-B49D-73920F76EC2F}.Release|Any CPU.Build.0 = Release|Any CPU
		{F5EDC1BA-0974-48C7-8628-DCE5AFC484FF}.Debug|Any CPU.ActiveCfg = Debug|Any CPU
		{F5EDC1BA-0974-48C7-8628-DCE5AFC484FF}.Debug|Any CPU.Build.0 = Debug|Any CPU
		{F5EDC1BA-0974-48C7-8628-DCE5AFC484FF}.Release|Any CPU.ActiveCfg = Release|Any CPU
		{F5EDC1BA-0974-48C7-8628-DCE5AFC484FF}.Release|Any CPU.Build.0 = Release|Any CPU
		{45BFA704-C089-4EB3-BE40-18ADD0617E82}.Debug|Any CPU.ActiveCfg = Debug|Any CPU
		{45BFA704-C089-4EB3-BE40-18ADD0617E82}.Debug|Any CPU.Build.0 = Debug|Any CPU
		{45BFA704-C089-4EB3-BE40-18ADD0617E82}.Release|Any CPU.ActiveCfg = Release|Any CPU
		{45BFA704-C089-4EB3-BE40-18ADD0617E82}.Release|Any CPU.Build.0 = Release|Any CPU
		{55B203CA-1BAD-485E-9828-C9B59187C013}.Debug|Any CPU.ActiveCfg = Debug|Any CPU
		{55B203CA-1BAD-485E-9828-C9B59187C013}.Debug|Any CPU.Build.0 = Debug|Any CPU
		{55B203CA-1BAD-485E-9828-C9B59187C013}.Release|Any CPU.ActiveCfg = Release|Any CPU
		{55B203CA-1BAD-485E-9828-C9B59187C013}.Release|Any CPU.Build.0 = Release|Any CPU
		{FAD49603-31FE-4551-8FF7-538768E20D5B}.Debug|Any CPU.ActiveCfg = Debug|Any CPU
		{FAD49603-31FE-4551-8FF7-538768E20D5B}.Debug|Any CPU.Build.0 = Debug|Any CPU
		{FAD49603-31FE-4551-8FF7-538768E20D5B}.Release|Any CPU.ActiveCfg = Release|Any CPU
		{FAD49603-31FE-4551-8FF7-538768E20D5B}.Release|Any CPU.Build.0 = Release|Any CPU
		{E3E76A67-F5A8-410B-B92C-1CCD54336070}.Debug|Any CPU.ActiveCfg = Debug|Any CPU
		{E3E76A67-F5A8-410B-B92C-1CCD54336070}.Debug|Any CPU.Build.0 = Debug|Any CPU
		{E3E76A67-F5A8-410B-B92C-1CCD54336070}.Release|Any CPU.ActiveCfg = Release|Any CPU
		{E3E76A67-F5A8-410B-B92C-1CCD54336070}.Release|Any CPU.Build.0 = Release|Any CPU
		{B5290E6D-0B48-4AE3-9E5D-5E87DD6F850A}.Debug|Any CPU.ActiveCfg = Debug|Any CPU
		{B5290E6D-0B48-4AE3-9E5D-5E87DD6F850A}.Debug|Any CPU.Build.0 = Debug|Any CPU
		{B5290E6D-0B48-4AE3-9E5D-5E87DD6F850A}.Release|Any CPU.ActiveCfg = Release|Any CPU
		{B5290E6D-0B48-4AE3-9E5D-5E87DD6F850A}.Release|Any CPU.Build.0 = Release|Any CPU
		{A10F7EC0-E6F6-4F3A-9135-9212C3EEA007}.Debug|Any CPU.ActiveCfg = Debug|Any CPU
		{A10F7EC0-E6F6-4F3A-9135-9212C3EEA007}.Debug|Any CPU.Build.0 = Debug|Any CPU
		{A10F7EC0-E6F6-4F3A-9135-9212C3EEA007}.Release|Any CPU.ActiveCfg = Release|Any CPU
		{A10F7EC0-E6F6-4F3A-9135-9212C3EEA007}.Release|Any CPU.Build.0 = Release|Any CPU
		{3C55CE99-A32F-4EDF-A0DA-82C23556A3EA}.Debug|Any CPU.ActiveCfg = Debug|Any CPU
		{3C55CE99-A32F-4EDF-A0DA-82C23556A3EA}.Debug|Any CPU.Build.0 = Debug|Any CPU
		{3C55CE99-A32F-4EDF-A0DA-82C23556A3EA}.Release|Any CPU.ActiveCfg = Release|Any CPU
		{3C55CE99-A32F-4EDF-A0DA-82C23556A3EA}.Release|Any CPU.Build.0 = Release|Any CPU
		{D63BF481-91BF-425D-BACF-6104956501AA}.Debug|Any CPU.ActiveCfg = Debug|Any CPU
		{D63BF481-91BF-425D-BACF-6104956501AA}.Debug|Any CPU.Build.0 = Debug|Any CPU
		{D63BF481-91BF-425D-BACF-6104956501AA}.Release|Any CPU.ActiveCfg = Release|Any CPU
		{D63BF481-91BF-425D-BACF-6104956501AA}.Release|Any CPU.Build.0 = Release|Any CPU
		{DD071252-7737-4523-B9DC-BD609255D1C6}.Debug|Any CPU.ActiveCfg = Debug|Any CPU
		{DD071252-7737-4523-B9DC-BD609255D1C6}.Debug|Any CPU.Build.0 = Debug|Any CPU
		{DD071252-7737-4523-B9DC-BD609255D1C6}.Release|Any CPU.ActiveCfg = Release|Any CPU
		{DD071252-7737-4523-B9DC-BD609255D1C6}.Release|Any CPU.Build.0 = Release|Any CPU
		{F85D0FF6-1C8E-4C54-97C0-39412D6933AE}.Debug|Any CPU.ActiveCfg = Debug|Any CPU
		{F85D0FF6-1C8E-4C54-97C0-39412D6933AE}.Debug|Any CPU.Build.0 = Debug|Any CPU
		{F85D0FF6-1C8E-4C54-97C0-39412D6933AE}.Release|Any CPU.ActiveCfg = Release|Any CPU
		{F85D0FF6-1C8E-4C54-97C0-39412D6933AE}.Release|Any CPU.Build.0 = Release|Any CPU
		{1D48E28F-6E21-41F1-BCDA-44CB7D4B15D0}.Debug|Any CPU.ActiveCfg = Debug|Any CPU
		{1D48E28F-6E21-41F1-BCDA-44CB7D4B15D0}.Debug|Any CPU.Build.0 = Debug|Any CPU
		{1D48E28F-6E21-41F1-BCDA-44CB7D4B15D0}.Release|Any CPU.ActiveCfg = Release|Any CPU
		{1D48E28F-6E21-41F1-BCDA-44CB7D4B15D0}.Release|Any CPU.Build.0 = Release|Any CPU
		{D53B1DA0-C0C7-43EB-B224-4853CF892290}.Debug|Any CPU.ActiveCfg = Debug|Any CPU
		{D53B1DA0-C0C7-43EB-B224-4853CF892290}.Debug|Any CPU.Build.0 = Debug|Any CPU
		{D53B1DA0-C0C7-43EB-B224-4853CF892290}.Release|Any CPU.ActiveCfg = Release|Any CPU
		{D53B1DA0-C0C7-43EB-B224-4853CF892290}.Release|Any CPU.Build.0 = Release|Any CPU
		{3B5F9817-6DA4-429C-B741-C581A1823758}.Debug|Any CPU.ActiveCfg = Debug|Any CPU
		{3B5F9817-6DA4-429C-B741-C581A1823758}.Debug|Any CPU.Build.0 = Debug|Any CPU
		{3B5F9817-6DA4-429C-B741-C581A1823758}.Release|Any CPU.ActiveCfg = Release|Any CPU
		{3B5F9817-6DA4-429C-B741-C581A1823758}.Release|Any CPU.Build.0 = Release|Any CPU
		{45F3D1D6-DEF7-4C94-AA22-8B6496BF451A}.Debug|Any CPU.ActiveCfg = Debug|Any CPU
		{45F3D1D6-DEF7-4C94-AA22-8B6496BF451A}.Debug|Any CPU.Build.0 = Debug|Any CPU
		{45F3D1D6-DEF7-4C94-AA22-8B6496BF451A}.Release|Any CPU.ActiveCfg = Release|Any CPU
		{45F3D1D6-DEF7-4C94-AA22-8B6496BF451A}.Release|Any CPU.Build.0 = Release|Any CPU
		{49A9A454-BE5B-4FF0-B2F5-628A93530C9C}.Debug|Any CPU.ActiveCfg = Debug|Any CPU
		{49A9A454-BE5B-4FF0-B2F5-628A93530C9C}.Debug|Any CPU.Build.0 = Debug|Any CPU
		{49A9A454-BE5B-4FF0-B2F5-628A93530C9C}.Release|Any CPU.ActiveCfg = Release|Any CPU
		{49A9A454-BE5B-4FF0-B2F5-628A93530C9C}.Release|Any CPU.Build.0 = Release|Any CPU
		{C1AF6CDF-6BB9-4563-BD19-A99C29FBF2FF}.Debug|Any CPU.ActiveCfg = Debug|Any CPU
		{C1AF6CDF-6BB9-4563-BD19-A99C29FBF2FF}.Debug|Any CPU.Build.0 = Debug|Any CPU
		{C1AF6CDF-6BB9-4563-BD19-A99C29FBF2FF}.Release|Any CPU.ActiveCfg = Release|Any CPU
		{C1AF6CDF-6BB9-4563-BD19-A99C29FBF2FF}.Release|Any CPU.Build.0 = Release|Any CPU
		{FDC8FA7F-9B3C-41C8-897D-0054DEA1560E}.Debug|Any CPU.ActiveCfg = Debug|Any CPU
		{FDC8FA7F-9B3C-41C8-897D-0054DEA1560E}.Debug|Any CPU.Build.0 = Debug|Any CPU
		{FDC8FA7F-9B3C-41C8-897D-0054DEA1560E}.Release|Any CPU.ActiveCfg = Release|Any CPU
		{FDC8FA7F-9B3C-41C8-897D-0054DEA1560E}.Release|Any CPU.Build.0 = Release|Any CPU
	EndGlobalSection
	GlobalSection(NestedProjects) = preSolution
		{128A9F3B-4D1A-4A93-A0EC-2426770786AC} = {24007BE7-AE6D-46D3-B37A-522FE3EF0D9C}
		{3718B2D4-51F6-40AC-8360-6635988D47DE} = {24007BE7-AE6D-46D3-B37A-522FE3EF0D9C}
		{CEC7CE2F-45F1-4BBB-B1D0-E7BCAFEADB7D} = {3718B2D4-51F6-40AC-8360-6635988D47DE}
		{64F2EE35-47B2-45E2-8ADE-D989156D68DE} = {3718B2D4-51F6-40AC-8360-6635988D47DE}
		{DF3245BD-7D2E-4972-846E-473AE4046FB6} = {CEC7CE2F-45F1-4BBB-B1D0-E7BCAFEADB7D}
		{FA83243E-89E1-43BC-AA6C-6BAE88F847F7} = {CEC7CE2F-45F1-4BBB-B1D0-E7BCAFEADB7D}
		{96B239B6-E37A-497B-81A8-70156DD0C5FB} = {CEC7CE2F-45F1-4BBB-B1D0-E7BCAFEADB7D}
		{F063E7F9-5853-4E42-853E-8C3E9C9A7CC5} = {CEC7CE2F-45F1-4BBB-B1D0-E7BCAFEADB7D}
		{7259D26F-9BF6-423E-ACB2-0383CD130E6E} = {64F2EE35-47B2-45E2-8ADE-D989156D68DE}
		{D815CA66-CFEB-40B9-A74D-0525A4FFEB6B} = {64F2EE35-47B2-45E2-8ADE-D989156D68DE}
		{334A2086-7DAE-4F17-B625-AFB4F461CC3B} = {64F2EE35-47B2-45E2-8ADE-D989156D68DE}
		{E99980D6-17D0-4618-BF7A-4120E52CBAA4} = {64F2EE35-47B2-45E2-8ADE-D989156D68DE}
		{D676A27F-C4A4-4741-A513-045762808A8C} = {128A9F3B-4D1A-4A93-A0EC-2426770786AC}
		{1A65C5FA-3121-4737-B49D-73920F76EC2F} = {128A9F3B-4D1A-4A93-A0EC-2426770786AC}
		{F5EDC1BA-0974-48C7-8628-DCE5AFC484FF} = {128A9F3B-4D1A-4A93-A0EC-2426770786AC}
		{45BFA704-C089-4EB3-BE40-18ADD0617E82} = {128A9F3B-4D1A-4A93-A0EC-2426770786AC}
		{DDE15ED7-21D6-4AC1-8536-B833DA144125} = {24007BE7-AE6D-46D3-B37A-522FE3EF0D9C}
		{DBE7C5CA-24A4-4277-8F46-8043EE66C167} = {DDE15ED7-21D6-4AC1-8536-B833DA144125}
		{EFED1D76-F469-42BE-AB4A-2C99C48F786E} = {DBE7C5CA-24A4-4277-8F46-8043EE66C167}
		{80277236-416A-4B1C-B32E-01AADF1552D0} = {DBE7C5CA-24A4-4277-8F46-8043EE66C167}
		{CDF2D307-FB11-48E5-AA9A-233CBC6DDA2B} = {DBE7C5CA-24A4-4277-8F46-8043EE66C167}
		{1A979A22-F861-4AF7-A575-864325889FB3} = {24007BE7-AE6D-46D3-B37A-522FE3EF0D9C}
		{55B203CA-1BAD-485E-9828-C9B59187C013} = {1A979A22-F861-4AF7-A575-864325889FB3}
		{FAD49603-31FE-4551-8FF7-538768E20D5B} = {128A9F3B-4D1A-4A93-A0EC-2426770786AC}
		{E3E76A67-F5A8-410B-B92C-1CCD54336070} = {128A9F3B-4D1A-4A93-A0EC-2426770786AC}
		{7AA6C4E7-1F7A-4AAF-B70B-730A237D1F24} = {DBE7C5CA-24A4-4277-8F46-8043EE66C167}
		{B5290E6D-0B48-4AE3-9E5D-5E87DD6F850A} = {DBE7C5CA-24A4-4277-8F46-8043EE66C167}
		{A10F7EC0-E6F6-4F3A-9135-9212C3EEA007} = {EFED1D76-F469-42BE-AB4A-2C99C48F786E}
		{3C55CE99-A32F-4EDF-A0DA-82C23556A3EA} = {EFED1D76-F469-42BE-AB4A-2C99C48F786E}
		{D63BF481-91BF-425D-BACF-6104956501AA} = {7AA6C4E7-1F7A-4AAF-B70B-730A237D1F24}
		{DD071252-7737-4523-B9DC-BD609255D1C6} = {80277236-416A-4B1C-B32E-01AADF1552D0}
		{F85D0FF6-1C8E-4C54-97C0-39412D6933AE} = {128A9F3B-4D1A-4A93-A0EC-2426770786AC}
		{1D48E28F-6E21-41F1-BCDA-44CB7D4B15D0} = {80277236-416A-4B1C-B32E-01AADF1552D0}
		{D53B1DA0-C0C7-43EB-B224-4853CF892290} = {80277236-416A-4B1C-B32E-01AADF1552D0}
		{3B5F9817-6DA4-429C-B741-C581A1823758} = {80277236-416A-4B1C-B32E-01AADF1552D0}
		{45F3D1D6-DEF7-4C94-AA22-8B6496BF451A} = {DBE7C5CA-24A4-4277-8F46-8043EE66C167}
		{49A9A454-BE5B-4FF0-B2F5-628A93530C9C} = {DBE7C5CA-24A4-4277-8F46-8043EE66C167}
		{C1AF6CDF-6BB9-4563-BD19-A99C29FBF2FF} = {7AA6C4E7-1F7A-4AAF-B70B-730A237D1F24}
		{FDC8FA7F-9B3C-41C8-897D-0054DEA1560E} = {EFED1D76-F469-42BE-AB4A-2C99C48F786E}
	EndGlobalSection
EndGlobal
